// !$*UTF8*$!
{
	archiveVersion = 1;
	classes = {
	};
	objectVersion = 56;
	objects = {

/* Begin PBXBuildFile section */
		93339C472CA59532006484CE /* ChapterView.swift in Sources */ = {isa = PBXBuildFile; fileRef = 93339C462CA59531006484CE /* ChapterView.swift */; };
		933C82DB2CA328E300A44B58 /* menu.json in Resources */ = {isa = PBXBuildFile; fileRef = 933C82DA2CA328E300A44B58 /* menu.json */; };
		933C82DD2CA3324F00A44B58 /* BottomSheetView.swift in Sources */ = {isa = PBXBuildFile; fileRef = 933C82DC2CA3324F00A44B58 /* BottomSheetView.swift */; };
		935940C32CA2017E002AA0C9 /* Helper.swift in Sources */ = {isa = PBXBuildFile; fileRef = 935940C22CA2017E002AA0C9 /* Helper.swift */; };
		935940C62CA201DA002AA0C9 /* Menu.swift in Sources */ = {isa = PBXBuildFile; fileRef = 935940C42CA201DA002AA0C9 /* Menu.swift */; };
		935940CB2CA2FB5D002AA0C9 /* ItemRow.swift in Sources */ = {isa = PBXBuildFile; fileRef = 935940CA2CA2FB5D002AA0C9 /* ItemRow.swift */; };
		935940CD2CA3144A002AA0C9 /* ItemDetail.swift in Sources */ = {isa = PBXBuildFile; fileRef = 935940CC2CA3144A002AA0C9 /* ItemDetail.swift */; };
		935C5C0E2C94ADC500E08BAC /* CleanCodeApp.swift in Sources */ = {isa = PBXBuildFile; fileRef = 935C5C0D2C94ADC500E08BAC /* CleanCodeApp.swift */; };
		935C5C102C94ADC500E08BAC /* ContentView.swift in Sources */ = {isa = PBXBuildFile; fileRef = 935C5C0F2C94ADC500E08BAC /* ContentView.swift */; };
		935C5C122C94ADC600E08BAC /* Assets.xcassets in Resources */ = {isa = PBXBuildFile; fileRef = 935C5C112C94ADC600E08BAC /* Assets.xcassets */; };
		935C5C152C94ADC600E08BAC /* Preview Assets.xcassets in Resources */ = {isa = PBXBuildFile; fileRef = 935C5C142C94ADC600E08BAC /* Preview Assets.xcassets */; };
		935C5C1F2C94ADC600E08BAC /* CleanCodeTests.swift in Sources */ = {isa = PBXBuildFile; fileRef = 935C5C1E2C94ADC600E08BAC /* CleanCodeTests.swift */; };
		935C5C292C94ADC600E08BAC /* CleanCodeUITests.swift in Sources */ = {isa = PBXBuildFile; fileRef = 935C5C282C94ADC600E08BAC /* CleanCodeUITests.swift */; };
		935C5C2B2C94ADC600E08BAC /* CleanCodeUITestsLaunchTests.swift in Sources */ = {isa = PBXBuildFile; fileRef = 935C5C2A2C94ADC600E08BAC /* CleanCodeUITestsLaunchTests.swift */; };
		9368B5072CB407400064B4FB /* FaqView.swift in Sources */ = {isa = PBXBuildFile; fileRef = 9368B5062CB407400064B4FB /* FaqView.swift */; };
		938914382CB08D1B00D2631E /* OthersView.swift in Sources */ = {isa = PBXBuildFile; fileRef = 938914372CB08D1B00D2631E /* OthersView.swift */; };
		939A9B332CB0A0C400F087D6 /* Localizable.strings in Resources */ = {isa = PBXBuildFile; fileRef = 939A9B322CB0A0C400F087D6 /* Localizable.strings */; };
		939A9B382CB0A0E600F087D6 /* Localizable.strings in Resources */ = {isa = PBXBuildFile; fileRef = 939A9B372CB0A0E600F087D6 /* Localizable.strings */; };
		939A9B3D2CB0A10000F087D6 /* Localizable.strings in Resources */ = {isa = PBXBuildFile; fileRef = 939A9B3C2CB0A10000F087D6 /* Localizable.strings */; };
		939A9B422CB0A11500F087D6 /* Localizable.strings in Resources */ = {isa = PBXBuildFile; fileRef = 939A9B412CB0A11500F087D6 /* Localizable.strings */; };
		939A9B492CB0A13F00F087D6 /* Localizable.strings in Resources */ = {isa = PBXBuildFile; fileRef = 939A9B482CB0A13F00F087D6 /* Localizable.strings */; };
		939A9B4E2CB0A15100F087D6 /* Localizable.strings in Resources */ = {isa = PBXBuildFile; fileRef = 939A9B4D2CB0A15000F087D6 /* Localizable.strings */; };
		939A9B552CB0A17600F087D6 /* Localizable.strings in Resources */ = {isa = PBXBuildFile; fileRef = 939A9B542CB0A17600F087D6 /* Localizable.strings */; };
		939A9B5A2CB0A18C00F087D6 /* Localizable.strings in Resources */ = {isa = PBXBuildFile; fileRef = 939A9B592CB0A18C00F087D6 /* Localizable.strings */; };
		93A0BC092CADBE86003BAF5B /* SettingsView.swift in Sources */ = {isa = PBXBuildFile; fileRef = 93A0BC082CADBE86003BAF5B /* SettingsView.swift */; };
		93ACBDC92CAD70F6002DC57C /* DescriptionQ1Q2View.swift in Sources */ = {isa = PBXBuildFile; fileRef = 93ACBDC82CAD70F6002DC57C /* DescriptionQ1Q2View.swift */; };
		93ACBDE92CAD7194002DC57C /* DescriptionQ3Q4View.swift in Sources */ = {isa = PBXBuildFile; fileRef = 93ACBDE82CAD7194002DC57C /* DescriptionQ3Q4View.swift */; };
		93ACBDEB2CAD71A4002DC57C /* DescriptionQ5Q6View.swift in Sources */ = {isa = PBXBuildFile; fileRef = 93ACBDEA2CAD71A4002DC57C /* DescriptionQ5Q6View.swift */; };
		93ACBDED2CAD71AF002DC57C /* DescriptionQ7Q8View.swift in Sources */ = {isa = PBXBuildFile; fileRef = 93ACBDEC2CAD71AF002DC57C /* DescriptionQ7Q8View.swift */; };
		93ACBDEF2CAD71B8002DC57C /* DescriptionQ9Q10View.swift in Sources */ = {isa = PBXBuildFile; fileRef = 93ACBDEE2CAD71B8002DC57C /* DescriptionQ9Q10View.swift */; };
		93ACBDF12CAD71C3002DC57C /* DescriptionQ11Q12View.swift in Sources */ = {isa = PBXBuildFile; fileRef = 93ACBDF02CAD71C3002DC57C /* DescriptionQ11Q12View.swift */; };
		93ACBDF32CAD71D0002DC57C /* DescriptionQ13Q14View.swift in Sources */ = {isa = PBXBuildFile; fileRef = 93ACBDF22CAD71D0002DC57C /* DescriptionQ13Q14View.swift */; };
		93ACBDF52CAD71DD002DC57C /* DescriptionQ15Q16View.swift in Sources */ = {isa = PBXBuildFile; fileRef = 93ACBDF42CAD71DD002DC57C /* DescriptionQ15Q16View.swift */; };
		93ACBDF72CAD71F5002DC57C /* DescriptionQ17Q18View.swift in Sources */ = {isa = PBXBuildFile; fileRef = 93ACBDF62CAD71F5002DC57C /* DescriptionQ17Q18View.swift */; };
		93ACBDF92CAD71FD002DC57C /* DescriptionQ19Q20View.swift in Sources */ = {isa = PBXBuildFile; fileRef = 93ACBDF82CAD71FD002DC57C /* DescriptionQ19Q20View.swift */; };
		93ACBDFB2CAD7206002DC57C /* DescriptionQ21Q22View.swift in Sources */ = {isa = PBXBuildFile; fileRef = 93ACBDFA2CAD7206002DC57C /* DescriptionQ21Q22View.swift */; };
		93ACBDFD2CAD7210002DC57C /* DescriptionQ23Q24View.swift in Sources */ = {isa = PBXBuildFile; fileRef = 93ACBDFC2CAD7210002DC57C /* DescriptionQ23Q24View.swift */; };
		93ACBDFF2CAD7219002DC57C /* DescriptionQ25Q26View.swift in Sources */ = {isa = PBXBuildFile; fileRef = 93ACBDFE2CAD7219002DC57C /* DescriptionQ25Q26View.swift */; };
		93ACBE012CAD7221002DC57C /* DescriptionQ27Q28View.swift in Sources */ = {isa = PBXBuildFile; fileRef = 93ACBE002CAD7221002DC57C /* DescriptionQ27Q28View.swift */; };
		93ACBE032CAD722A002DC57C /* DescriptionQ29Q30View.swift in Sources */ = {isa = PBXBuildFile; fileRef = 93ACBE022CAD722A002DC57C /* DescriptionQ29Q30View.swift */; };
		93ACBE052CAD7233002DC57C /* DescriptionQ31Q32View.swift in Sources */ = {isa = PBXBuildFile; fileRef = 93ACBE042CAD7233002DC57C /* DescriptionQ31Q32View.swift */; };
/* End PBXBuildFile section */

/* Begin PBXContainerItemProxy section */
		935C5C1B2C94ADC600E08BAC /* PBXContainerItemProxy */ = {
			isa = PBXContainerItemProxy;
			containerPortal = 935C5C022C94ADC500E08BAC /* Project object */;
			proxyType = 1;
			remoteGlobalIDString = 935C5C092C94ADC500E08BAC;
			remoteInfo = CleanCode;
		};
		935C5C252C94ADC600E08BAC /* PBXContainerItemProxy */ = {
			isa = PBXContainerItemProxy;
			containerPortal = 935C5C022C94ADC500E08BAC /* Project object */;
			proxyType = 1;
			remoteGlobalIDString = 935C5C092C94ADC500E08BAC;
			remoteInfo = CleanCode;
		};
/* End PBXContainerItemProxy section */

/* Begin PBXFileReference section */
		93339C462CA59531006484CE /* ChapterView.swift */ = {isa = PBXFileReference; lastKnownFileType = sourcecode.swift; path = ChapterView.swift; sourceTree = "<group>"; };
		933C82DA2CA328E300A44B58 /* menu.json */ = {isa = PBXFileReference; lastKnownFileType = text.json; path = menu.json; sourceTree = "<group>"; };
		933C82DC2CA3324F00A44B58 /* BottomSheetView.swift */ = {isa = PBXFileReference; lastKnownFileType = sourcecode.swift; path = BottomSheetView.swift; sourceTree = "<group>"; };
		935940C22CA2017E002AA0C9 /* Helper.swift */ = {isa = PBXFileReference; lastKnownFileType = sourcecode.swift; path = Helper.swift; sourceTree = "<group>"; };
		935940C42CA201DA002AA0C9 /* Menu.swift */ = {isa = PBXFileReference; lastKnownFileType = sourcecode.swift; path = Menu.swift; sourceTree = "<group>"; };
		935940CA2CA2FB5D002AA0C9 /* ItemRow.swift */ = {isa = PBXFileReference; lastKnownFileType = sourcecode.swift; path = ItemRow.swift; sourceTree = "<group>"; };
		935940CC2CA3144A002AA0C9 /* ItemDetail.swift */ = {isa = PBXFileReference; lastKnownFileType = sourcecode.swift; path = ItemDetail.swift; sourceTree = "<group>"; };
		935C5C0A2C94ADC500E08BAC /* CleanCode.app */ = {isa = PBXFileReference; explicitFileType = wrapper.application; includeInIndex = 0; path = CleanCode.app; sourceTree = BUILT_PRODUCTS_DIR; };
		935C5C0D2C94ADC500E08BAC /* CleanCodeApp.swift */ = {isa = PBXFileReference; lastKnownFileType = sourcecode.swift; path = CleanCodeApp.swift; sourceTree = "<group>"; };
		935C5C0F2C94ADC500E08BAC /* ContentView.swift */ = {isa = PBXFileReference; lastKnownFileType = sourcecode.swift; path = ContentView.swift; sourceTree = "<group>"; };
		935C5C112C94ADC600E08BAC /* Assets.xcassets */ = {isa = PBXFileReference; lastKnownFileType = folder.assetcatalog; path = Assets.xcassets; sourceTree = "<group>"; };
		935C5C142C94ADC600E08BAC /* Preview Assets.xcassets */ = {isa = PBXFileReference; lastKnownFileType = folder.assetcatalog; path = "Preview Assets.xcassets"; sourceTree = "<group>"; };
		935C5C1A2C94ADC600E08BAC /* CleanCodeTests.xctest */ = {isa = PBXFileReference; explicitFileType = wrapper.cfbundle; includeInIndex = 0; path = CleanCodeTests.xctest; sourceTree = BUILT_PRODUCTS_DIR; };
		935C5C1E2C94ADC600E08BAC /* CleanCodeTests.swift */ = {isa = PBXFileReference; lastKnownFileType = sourcecode.swift; path = CleanCodeTests.swift; sourceTree = "<group>"; };
		935C5C242C94ADC600E08BAC /* CleanCodeUITests.xctest */ = {isa = PBXFileReference; explicitFileType = wrapper.cfbundle; includeInIndex = 0; path = CleanCodeUITests.xctest; sourceTree = BUILT_PRODUCTS_DIR; };
		935C5C282C94ADC600E08BAC /* CleanCodeUITests.swift */ = {isa = PBXFileReference; lastKnownFileType = sourcecode.swift; path = CleanCodeUITests.swift; sourceTree = "<group>"; };
		935C5C2A2C94ADC600E08BAC /* CleanCodeUITestsLaunchTests.swift */ = {isa = PBXFileReference; lastKnownFileType = sourcecode.swift; path = CleanCodeUITestsLaunchTests.swift; sourceTree = "<group>"; };
		9368B5062CB407400064B4FB /* FaqView.swift */ = {isa = PBXFileReference; lastKnownFileType = sourcecode.swift; path = FaqView.swift; sourceTree = "<group>"; };
		938914372CB08D1B00D2631E /* OthersView.swift */ = {isa = PBXFileReference; lastKnownFileType = sourcecode.swift; path = OthersView.swift; sourceTree = "<group>"; };
		939A9B312CB0A0C400F087D6 /* ca */ = {isa = PBXFileReference; lastKnownFileType = text.plist.strings; name = ca; path = ca.lproj/Localizable.strings; sourceTree = "<group>"; };
		939A9B362CB0A0E600F087D6 /* nl */ = {isa = PBXFileReference; lastKnownFileType = text.plist.strings; name = nl; path = nl.lproj/Localizable.strings; sourceTree = "<group>"; };
		939A9B3B2CB0A10000F087D6 /* fr */ = {isa = PBXFileReference; lastKnownFileType = text.plist.strings; name = fr; path = fr.lproj/Localizable.strings; sourceTree = "<group>"; };
		939A9B402CB0A11500F087D6 /* de */ = {isa = PBXFileReference; lastKnownFileType = text.plist.strings; name = de; path = de.lproj/Localizable.strings; sourceTree = "<group>"; };
		939A9B472CB0A13F00F087D6 /* it */ = {isa = PBXFileReference; lastKnownFileType = text.plist.strings; name = it; path = it.lproj/Localizable.strings; sourceTree = "<group>"; };
		939A9B4C2CB0A15000F087D6 /* pt-PT */ = {isa = PBXFileReference; lastKnownFileType = text.plist.strings; name = "pt-PT"; path = "pt-PT.lproj/Localizable.strings"; sourceTree = "<group>"; };
		939A9B532CB0A17600F087D6 /* es */ = {isa = PBXFileReference; lastKnownFileType = text.plist.strings; name = es; path = es.lproj/Localizable.strings; sourceTree = "<group>"; };
		939A9B582CB0A18C00F087D6 /* uk */ = {isa = PBXFileReference; lastKnownFileType = text.plist.strings; name = uk; path = uk.lproj/Localizable.strings; sourceTree = "<group>"; };
		93A0BC082CADBE86003BAF5B /* SettingsView.swift */ = {isa = PBXFileReference; lastKnownFileType = sourcecode.swift; path = SettingsView.swift; sourceTree = "<group>"; };
		93ACBDC82CAD70F6002DC57C /* DescriptionQ1Q2View.swift */ = {isa = PBXFileReference; lastKnownFileType = sourcecode.swift; path = DescriptionQ1Q2View.swift; sourceTree = "<group>"; };
		93ACBDE82CAD7194002DC57C /* DescriptionQ3Q4View.swift */ = {isa = PBXFileReference; lastKnownFileType = sourcecode.swift; path = DescriptionQ3Q4View.swift; sourceTree = "<group>"; };
		93ACBDEA2CAD71A4002DC57C /* DescriptionQ5Q6View.swift */ = {isa = PBXFileReference; lastKnownFileType = sourcecode.swift; path = DescriptionQ5Q6View.swift; sourceTree = "<group>"; };
		93ACBDEC2CAD71AF002DC57C /* DescriptionQ7Q8View.swift */ = {isa = PBXFileReference; lastKnownFileType = sourcecode.swift; path = DescriptionQ7Q8View.swift; sourceTree = "<group>"; };
		93ACBDEE2CAD71B8002DC57C /* DescriptionQ9Q10View.swift */ = {isa = PBXFileReference; lastKnownFileType = sourcecode.swift; path = DescriptionQ9Q10View.swift; sourceTree = "<group>"; };
		93ACBDF02CAD71C3002DC57C /* DescriptionQ11Q12View.swift */ = {isa = PBXFileReference; lastKnownFileType = sourcecode.swift; path = DescriptionQ11Q12View.swift; sourceTree = "<group>"; };
		93ACBDF22CAD71D0002DC57C /* DescriptionQ13Q14View.swift */ = {isa = PBXFileReference; lastKnownFileType = sourcecode.swift; path = DescriptionQ13Q14View.swift; sourceTree = "<group>"; };
		93ACBDF42CAD71DD002DC57C /* DescriptionQ15Q16View.swift */ = {isa = PBXFileReference; lastKnownFileType = sourcecode.swift; path = DescriptionQ15Q16View.swift; sourceTree = "<group>"; };
		93ACBDF62CAD71F5002DC57C /* DescriptionQ17Q18View.swift */ = {isa = PBXFileReference; lastKnownFileType = sourcecode.swift; path = DescriptionQ17Q18View.swift; sourceTree = "<group>"; };
		93ACBDF82CAD71FD002DC57C /* DescriptionQ19Q20View.swift */ = {isa = PBXFileReference; lastKnownFileType = sourcecode.swift; path = DescriptionQ19Q20View.swift; sourceTree = "<group>"; };
		93ACBDFA2CAD7206002DC57C /* DescriptionQ21Q22View.swift */ = {isa = PBXFileReference; lastKnownFileType = sourcecode.swift; path = DescriptionQ21Q22View.swift; sourceTree = "<group>"; };
		93ACBDFC2CAD7210002DC57C /* DescriptionQ23Q24View.swift */ = {isa = PBXFileReference; lastKnownFileType = sourcecode.swift; path = DescriptionQ23Q24View.swift; sourceTree = "<group>"; };
		93ACBDFE2CAD7219002DC57C /* DescriptionQ25Q26View.swift */ = {isa = PBXFileReference; lastKnownFileType = sourcecode.swift; path = DescriptionQ25Q26View.swift; sourceTree = "<group>"; };
		93ACBE002CAD7221002DC57C /* DescriptionQ27Q28View.swift */ = {isa = PBXFileReference; lastKnownFileType = sourcecode.swift; path = DescriptionQ27Q28View.swift; sourceTree = "<group>"; };
		93ACBE022CAD722A002DC57C /* DescriptionQ29Q30View.swift */ = {isa = PBXFileReference; lastKnownFileType = sourcecode.swift; path = DescriptionQ29Q30View.swift; sourceTree = "<group>"; };
		93ACBE042CAD7233002DC57C /* DescriptionQ31Q32View.swift */ = {isa = PBXFileReference; lastKnownFileType = sourcecode.swift; path = DescriptionQ31Q32View.swift; sourceTree = "<group>"; };
/* End PBXFileReference section */

/* Begin PBXFrameworksBuildPhase section */
		935C5C072C94ADC500E08BAC /* Frameworks */ = {
			isa = PBXFrameworksBuildPhase;
			buildActionMask = 2147483647;
			files = (
			);
			runOnlyForDeploymentPostprocessing = 0;
		};
		935C5C172C94ADC600E08BAC /* Frameworks */ = {
			isa = PBXFrameworksBuildPhase;
			buildActionMask = 2147483647;
			files = (
			);
			runOnlyForDeploymentPostprocessing = 0;
		};
		935C5C212C94ADC600E08BAC /* Frameworks */ = {
			isa = PBXFrameworksBuildPhase;
			buildActionMask = 2147483647;
			files = (
			);
			runOnlyForDeploymentPostprocessing = 0;
		};
/* End PBXFrameworksBuildPhase section */

/* Begin PBXGroup section */
		935C5C012C94ADC500E08BAC = {
			isa = PBXGroup;
			children = (
				935C5C0C2C94ADC500E08BAC /* CleanCode */,
				935C5C272C94ADC600E08BAC /* CleanCodeUITests */,
				935C5C0B2C94ADC500E08BAC /* Products */,
			);
			sourceTree = "<group>";
		};
		935C5C0B2C94ADC500E08BAC /* Products */ = {
			isa = PBXGroup;
			children = (
				935C5C0A2C94ADC500E08BAC /* CleanCode.app */,
				935C5C1A2C94ADC600E08BAC /* CleanCodeTests.xctest */,
				935C5C242C94ADC600E08BAC /* CleanCodeUITests.xctest */,
			);
			name = Products;
			sourceTree = "<group>";
		};
		935C5C0C2C94ADC500E08BAC /* CleanCode */ = {
			isa = PBXGroup;
			children = (
				939A9B2E2CB0A07E00F087D6 /* Locales */,
				93ACBDC72CAD70C3002DC57C /* Descriptions */,
				935C5C0D2C94ADC500E08BAC /* CleanCodeApp.swift */,
				935C5C0F2C94ADC500E08BAC /* ContentView.swift */,
				933C82DC2CA3324F00A44B58 /* BottomSheetView.swift */,
				93339C462CA59531006484CE /* ChapterView.swift */,
				93A0BC082CADBE86003BAF5B /* SettingsView.swift */,
				938914372CB08D1B00D2631E /* OthersView.swift */,
				9368B5062CB407400064B4FB /* FaqView.swift */,
				935940CC2CA3144A002AA0C9 /* ItemDetail.swift */,
				935940CA2CA2FB5D002AA0C9 /* ItemRow.swift */,
				935940C42CA201DA002AA0C9 /* Menu.swift */,
				935940C22CA2017E002AA0C9 /* Helper.swift */,
				933C82DA2CA328E300A44B58 /* menu.json */,
				935C5C112C94ADC600E08BAC /* Assets.xcassets */,
				935C5C1D2C94ADC600E08BAC /* CleanCodeTests */,
				935C5C132C94ADC600E08BAC /* Preview Content */,
			);
			path = CleanCode;
			sourceTree = "<group>";
		};
		935C5C132C94ADC600E08BAC /* Preview Content */ = {
			isa = PBXGroup;
			children = (
				935C5C142C94ADC600E08BAC /* Preview Assets.xcassets */,
			);
			path = "Preview Content";
			sourceTree = "<group>";
		};
		935C5C1D2C94ADC600E08BAC /* CleanCodeTests */ = {
			isa = PBXGroup;
			children = (
				935C5C1E2C94ADC600E08BAC /* CleanCodeTests.swift */,
			);
			path = CleanCodeTests;
			sourceTree = "<group>";
		};
		935C5C272C94ADC600E08BAC /* CleanCodeUITests */ = {
			isa = PBXGroup;
			children = (
				935C5C282C94ADC600E08BAC /* CleanCodeUITests.swift */,
				935C5C2A2C94ADC600E08BAC /* CleanCodeUITestsLaunchTests.swift */,
			);
			path = CleanCodeUITests;
			sourceTree = "<group>";
		};
		939A9B2E2CB0A07E00F087D6 /* Locales */ = {
			isa = PBXGroup;
			children = (
				939A9B322CB0A0C400F087D6 /* Localizable.strings */,
				939A9B372CB0A0E600F087D6 /* Localizable.strings */,
				939A9B3C2CB0A10000F087D6 /* Localizable.strings */,
				939A9B412CB0A11500F087D6 /* Localizable.strings */,
				939A9B482CB0A13F00F087D6 /* Localizable.strings */,
				939A9B4D2CB0A15000F087D6 /* Localizable.strings */,
				939A9B542CB0A17600F087D6 /* Localizable.strings */,
				939A9B592CB0A18C00F087D6 /* Localizable.strings */,
			);
			path = Locales;
			sourceTree = "<group>";
		};
		93ACBDC72CAD70C3002DC57C /* Descriptions */ = {
			isa = PBXGroup;
			children = (
				93ACBDC82CAD70F6002DC57C /* DescriptionQ1Q2View.swift */,
				93ACBDE82CAD7194002DC57C /* DescriptionQ3Q4View.swift */,
				93ACBDEA2CAD71A4002DC57C /* DescriptionQ5Q6View.swift */,
				93ACBDEC2CAD71AF002DC57C /* DescriptionQ7Q8View.swift */,
				93ACBDEE2CAD71B8002DC57C /* DescriptionQ9Q10View.swift */,
				93ACBDF02CAD71C3002DC57C /* DescriptionQ11Q12View.swift */,
				93ACBDF22CAD71D0002DC57C /* DescriptionQ13Q14View.swift */,
				93ACBDF42CAD71DD002DC57C /* DescriptionQ15Q16View.swift */,
				93ACBDF62CAD71F5002DC57C /* DescriptionQ17Q18View.swift */,
				93ACBDF82CAD71FD002DC57C /* DescriptionQ19Q20View.swift */,
				93ACBDFA2CAD7206002DC57C /* DescriptionQ21Q22View.swift */,
				93ACBDFC2CAD7210002DC57C /* DescriptionQ23Q24View.swift */,
				93ACBDFE2CAD7219002DC57C /* DescriptionQ25Q26View.swift */,
				93ACBE002CAD7221002DC57C /* DescriptionQ27Q28View.swift */,
				93ACBE022CAD722A002DC57C /* DescriptionQ29Q30View.swift */,
				93ACBE042CAD7233002DC57C /* DescriptionQ31Q32View.swift */,
			);
			path = Descriptions;
			sourceTree = "<group>";
		};
/* End PBXGroup section */

/* Begin PBXNativeTarget section */
		935C5C092C94ADC500E08BAC /* CleanCode */ = {
			isa = PBXNativeTarget;
			buildConfigurationList = 935C5C2E2C94ADC600E08BAC /* Build configuration list for PBXNativeTarget "CleanCode" */;
			buildPhases = (
				935C5C062C94ADC500E08BAC /* Sources */,
				935C5C072C94ADC500E08BAC /* Frameworks */,
				935C5C082C94ADC500E08BAC /* Resources */,
			);
			buildRules = (
			);
			dependencies = (
			);
			name = CleanCode;
			productName = CleanCode;
			productReference = 935C5C0A2C94ADC500E08BAC /* CleanCode.app */;
			productType = "com.apple.product-type.application";
		};
		935C5C192C94ADC600E08BAC /* CleanCodeTests */ = {
			isa = PBXNativeTarget;
			buildConfigurationList = 935C5C312C94ADC600E08BAC /* Build configuration list for PBXNativeTarget "CleanCodeTests" */;
			buildPhases = (
				935C5C162C94ADC600E08BAC /* Sources */,
				935C5C172C94ADC600E08BAC /* Frameworks */,
				935C5C182C94ADC600E08BAC /* Resources */,
			);
			buildRules = (
			);
			dependencies = (
				935C5C1C2C94ADC600E08BAC /* PBXTargetDependency */,
			);
			name = CleanCodeTests;
			productName = CleanCodeTests;
			productReference = 935C5C1A2C94ADC600E08BAC /* CleanCodeTests.xctest */;
			productType = "com.apple.product-type.bundle.unit-test";
		};
		935C5C232C94ADC600E08BAC /* CleanCodeUITests */ = {
			isa = PBXNativeTarget;
			buildConfigurationList = 935C5C342C94ADC600E08BAC /* Build configuration list for PBXNativeTarget "CleanCodeUITests" */;
			buildPhases = (
				935C5C202C94ADC600E08BAC /* Sources */,
				935C5C212C94ADC600E08BAC /* Frameworks */,
				935C5C222C94ADC600E08BAC /* Resources */,
			);
			buildRules = (
			);
			dependencies = (
				935C5C262C94ADC600E08BAC /* PBXTargetDependency */,
			);
			name = CleanCodeUITests;
			productName = CleanCodeUITests;
			productReference = 935C5C242C94ADC600E08BAC /* CleanCodeUITests.xctest */;
			productType = "com.apple.product-type.bundle.ui-testing";
		};
/* End PBXNativeTarget section */

/* Begin PBXProject section */
		935C5C022C94ADC500E08BAC /* Project object */ = {
			isa = PBXProject;
			attributes = {
				BuildIndependentTargetsInParallel = 1;
				LastSwiftUpdateCheck = 1540;
				LastUpgradeCheck = 1540;
				TargetAttributes = {
					935C5C092C94ADC500E08BAC = {
						CreatedOnToolsVersion = 15.4;
					};
					935C5C192C94ADC600E08BAC = {
						CreatedOnToolsVersion = 15.4;
						TestTargetID = 935C5C092C94ADC500E08BAC;
					};
					935C5C232C94ADC600E08BAC = {
						CreatedOnToolsVersion = 15.4;
						TestTargetID = 935C5C092C94ADC500E08BAC;
					};
				};
			};
			buildConfigurationList = 935C5C052C94ADC500E08BAC /* Build configuration list for PBXProject "CleanCode" */;
			compatibilityVersion = "Xcode 14.0";
			developmentRegion = en;
			hasScannedForEncodings = 0;
			knownRegions = (
				en,
				Base,
				ca,
				nl,
				fr,
				de,
				it,
				es,
				uk,
				"pt-PT",
			);
			mainGroup = 935C5C012C94ADC500E08BAC;
			productRefGroup = 935C5C0B2C94ADC500E08BAC /* Products */;
			projectDirPath = "";
			projectRoot = "";
			targets = (
				935C5C092C94ADC500E08BAC /* CleanCode */,
				935C5C192C94ADC600E08BAC /* CleanCodeTests */,
				935C5C232C94ADC600E08BAC /* CleanCodeUITests */,
			);
		};
/* End PBXProject section */

/* Begin PBXResourcesBuildPhase section */
		935C5C082C94ADC500E08BAC /* Resources */ = {
			isa = PBXResourcesBuildPhase;
			buildActionMask = 2147483647;
			files = (
				939A9B382CB0A0E600F087D6 /* Localizable.strings in Resources */,
				939A9B3D2CB0A10000F087D6 /* Localizable.strings in Resources */,
				939A9B5A2CB0A18C00F087D6 /* Localizable.strings in Resources */,
				933C82DB2CA328E300A44B58 /* menu.json in Resources */,
				939A9B422CB0A11500F087D6 /* Localizable.strings in Resources */,
				939A9B4E2CB0A15100F087D6 /* Localizable.strings in Resources */,
				939A9B552CB0A17600F087D6 /* Localizable.strings in Resources */,
				939A9B332CB0A0C400F087D6 /* Localizable.strings in Resources */,
				939A9B492CB0A13F00F087D6 /* Localizable.strings in Resources */,
				935C5C152C94ADC600E08BAC /* Preview Assets.xcassets in Resources */,
				935C5C122C94ADC600E08BAC /* Assets.xcassets in Resources */,
			);
			runOnlyForDeploymentPostprocessing = 0;
		};
		935C5C182C94ADC600E08BAC /* Resources */ = {
			isa = PBXResourcesBuildPhase;
			buildActionMask = 2147483647;
			files = (
			);
			runOnlyForDeploymentPostprocessing = 0;
		};
		935C5C222C94ADC600E08BAC /* Resources */ = {
			isa = PBXResourcesBuildPhase;
			buildActionMask = 2147483647;
			files = (
			);
			runOnlyForDeploymentPostprocessing = 0;
		};
/* End PBXResourcesBuildPhase section */

/* Begin PBXSourcesBuildPhase section */
		935C5C062C94ADC500E08BAC /* Sources */ = {
			isa = PBXSourcesBuildPhase;
			buildActionMask = 2147483647;
			files = (
				93ACBE052CAD7233002DC57C /* DescriptionQ31Q32View.swift in Sources */,
				93ACBDE92CAD7194002DC57C /* DescriptionQ3Q4View.swift in Sources */,
				935940CD2CA3144A002AA0C9 /* ItemDetail.swift in Sources */,
				93ACBDF52CAD71DD002DC57C /* DescriptionQ15Q16View.swift in Sources */,
				93ACBDF92CAD71FD002DC57C /* DescriptionQ19Q20View.swift in Sources */,
				93ACBE032CAD722A002DC57C /* DescriptionQ29Q30View.swift in Sources */,
				93ACBDEB2CAD71A4002DC57C /* DescriptionQ5Q6View.swift in Sources */,
				935940C62CA201DA002AA0C9 /* Menu.swift in Sources */,
				93339C472CA59532006484CE /* ChapterView.swift in Sources */,
				93ACBDFD2CAD7210002DC57C /* DescriptionQ23Q24View.swift in Sources */,
				93ACBDFB2CAD7206002DC57C /* DescriptionQ21Q22View.swift in Sources */,
				938914382CB08D1B00D2631E /* OthersView.swift in Sources */,
				9368B5072CB407400064B4FB /* FaqView.swift in Sources */,
				93ACBE012CAD7221002DC57C /* DescriptionQ27Q28View.swift in Sources */,
				935C5C102C94ADC500E08BAC /* ContentView.swift in Sources */,
				935940CB2CA2FB5D002AA0C9 /* ItemRow.swift in Sources */,
				933C82DD2CA3324F00A44B58 /* BottomSheetView.swift in Sources */,
				93A0BC092CADBE86003BAF5B /* SettingsView.swift in Sources */,
				93ACBDEF2CAD71B8002DC57C /* DescriptionQ9Q10View.swift in Sources */,
				93ACBDC92CAD70F6002DC57C /* DescriptionQ1Q2View.swift in Sources */,
				935C5C0E2C94ADC500E08BAC /* CleanCodeApp.swift in Sources */,
				93ACBDFF2CAD7219002DC57C /* DescriptionQ25Q26View.swift in Sources */,
				93ACBDF12CAD71C3002DC57C /* DescriptionQ11Q12View.swift in Sources */,
				93ACBDF72CAD71F5002DC57C /* DescriptionQ17Q18View.swift in Sources */,
				93ACBDF32CAD71D0002DC57C /* DescriptionQ13Q14View.swift in Sources */,
				93ACBDED2CAD71AF002DC57C /* DescriptionQ7Q8View.swift in Sources */,
				935940C32CA2017E002AA0C9 /* Helper.swift in Sources */,
			);
			runOnlyForDeploymentPostprocessing = 0;
		};
		935C5C162C94ADC600E08BAC /* Sources */ = {
			isa = PBXSourcesBuildPhase;
			buildActionMask = 2147483647;
			files = (
				935C5C1F2C94ADC600E08BAC /* CleanCodeTests.swift in Sources */,
			);
			runOnlyForDeploymentPostprocessing = 0;
		};
		935C5C202C94ADC600E08BAC /* Sources */ = {
			isa = PBXSourcesBuildPhase;
			buildActionMask = 2147483647;
			files = (
				935C5C292C94ADC600E08BAC /* CleanCodeUITests.swift in Sources */,
				935C5C2B2C94ADC600E08BAC /* CleanCodeUITestsLaunchTests.swift in Sources */,
			);
			runOnlyForDeploymentPostprocessing = 0;
		};
/* End PBXSourcesBuildPhase section */

/* Begin PBXTargetDependency section */
		935C5C1C2C94ADC600E08BAC /* PBXTargetDependency */ = {
			isa = PBXTargetDependency;
			target = 935C5C092C94ADC500E08BAC /* CleanCode */;
			targetProxy = 935C5C1B2C94ADC600E08BAC /* PBXContainerItemProxy */;
		};
		935C5C262C94ADC600E08BAC /* PBXTargetDependency */ = {
			isa = PBXTargetDependency;
			target = 935C5C092C94ADC500E08BAC /* CleanCode */;
			targetProxy = 935C5C252C94ADC600E08BAC /* PBXContainerItemProxy */;
		};
/* End PBXTargetDependency section */

/* Begin PBXVariantGroup section */
		939A9B322CB0A0C400F087D6 /* Localizable.strings */ = {
			isa = PBXVariantGroup;
			children = (
				939A9B312CB0A0C400F087D6 /* ca */,
			);
			name = Localizable.strings;
			sourceTree = "<group>";
		};
		939A9B372CB0A0E600F087D6 /* Localizable.strings */ = {
			isa = PBXVariantGroup;
			children = (
				939A9B362CB0A0E600F087D6 /* nl */,
			);
			name = Localizable.strings;
			sourceTree = "<group>";
		};
		939A9B3C2CB0A10000F087D6 /* Localizable.strings */ = {
			isa = PBXVariantGroup;
			children = (
				939A9B3B2CB0A10000F087D6 /* fr */,
			);
			name = Localizable.strings;
			sourceTree = "<group>";
		};
		939A9B412CB0A11500F087D6 /* Localizable.strings */ = {
			isa = PBXVariantGroup;
			children = (
				939A9B402CB0A11500F087D6 /* de */,
			);
			name = Localizable.strings;
			sourceTree = "<group>";
		};
		939A9B482CB0A13F00F087D6 /* Localizable.strings */ = {
			isa = PBXVariantGroup;
			children = (
				939A9B472CB0A13F00F087D6 /* it */,
			);
			name = Localizable.strings;
			sourceTree = "<group>";
		};
		939A9B4D2CB0A15000F087D6 /* Localizable.strings */ = {
			isa = PBXVariantGroup;
			children = (
				939A9B4C2CB0A15000F087D6 /* pt-PT */,
			);
			name = Localizable.strings;
			sourceTree = "<group>";
		};
		939A9B542CB0A17600F087D6 /* Localizable.strings */ = {
			isa = PBXVariantGroup;
			children = (
				939A9B532CB0A17600F087D6 /* es */,
			);
			name = Localizable.strings;
			sourceTree = "<group>";
		};
		939A9B592CB0A18C00F087D6 /* Localizable.strings */ = {
			isa = PBXVariantGroup;
			children = (
				939A9B582CB0A18C00F087D6 /* uk */,
			);
			name = Localizable.strings;
			sourceTree = "<group>";
		};
/* End PBXVariantGroup section */

/* Begin XCBuildConfiguration section */
		935C5C2C2C94ADC600E08BAC /* Debug */ = {
			isa = XCBuildConfiguration;
			buildSettings = {
				ALWAYS_SEARCH_USER_PATHS = NO;
				ASSETCATALOG_COMPILER_GENERATE_SWIFT_ASSET_SYMBOL_EXTENSIONS = YES;
				CLANG_ANALYZER_NONNULL = YES;
				CLANG_ANALYZER_NUMBER_OBJECT_CONVERSION = YES_AGGRESSIVE;
				CLANG_CXX_LANGUAGE_STANDARD = "gnu++20";
				CLANG_ENABLE_MODULES = YES;
				CLANG_ENABLE_OBJC_ARC = YES;
				CLANG_ENABLE_OBJC_WEAK = YES;
				CLANG_WARN_BLOCK_CAPTURE_AUTORELEASING = YES;
				CLANG_WARN_BOOL_CONVERSION = YES;
				CLANG_WARN_COMMA = YES;
				CLANG_WARN_CONSTANT_CONVERSION = YES;
				CLANG_WARN_DEPRECATED_OBJC_IMPLEMENTATIONS = YES;
				CLANG_WARN_DIRECT_OBJC_ISA_USAGE = YES_ERROR;
				CLANG_WARN_DOCUMENTATION_COMMENTS = YES;
				CLANG_WARN_EMPTY_BODY = YES;
				CLANG_WARN_ENUM_CONVERSION = YES;
				CLANG_WARN_INFINITE_RECURSION = YES;
				CLANG_WARN_INT_CONVERSION = YES;
				CLANG_WARN_NON_LITERAL_NULL_CONVERSION = YES;
				CLANG_WARN_OBJC_IMPLICIT_RETAIN_SELF = YES;
				CLANG_WARN_OBJC_LITERAL_CONVERSION = YES;
				CLANG_WARN_OBJC_ROOT_CLASS = YES_ERROR;
				CLANG_WARN_QUOTED_INCLUDE_IN_FRAMEWORK_HEADER = YES;
				CLANG_WARN_RANGE_LOOP_ANALYSIS = YES;
				CLANG_WARN_STRICT_PROTOTYPES = YES;
				CLANG_WARN_SUSPICIOUS_MOVE = YES;
				CLANG_WARN_UNGUARDED_AVAILABILITY = YES_AGGRESSIVE;
				CLANG_WARN_UNREACHABLE_CODE = YES;
				CLANG_WARN__DUPLICATE_METHOD_MATCH = YES;
				COPY_PHASE_STRIP = NO;
				DEBUG_INFORMATION_FORMAT = dwarf;
				ENABLE_STRICT_OBJC_MSGSEND = YES;
				ENABLE_TESTABILITY = YES;
				ENABLE_USER_SCRIPT_SANDBOXING = YES;
				GCC_C_LANGUAGE_STANDARD = gnu17;
				GCC_DYNAMIC_NO_PIC = NO;
				GCC_NO_COMMON_BLOCKS = YES;
				GCC_OPTIMIZATION_LEVEL = 0;
				GCC_PREPROCESSOR_DEFINITIONS = (
					"DEBUG=1",
					"$(inherited)",
				);
				GCC_WARN_64_TO_32_BIT_CONVERSION = YES;
				GCC_WARN_ABOUT_RETURN_TYPE = YES_ERROR;
				GCC_WARN_UNDECLARED_SELECTOR = YES;
				GCC_WARN_UNINITIALIZED_AUTOS = YES_AGGRESSIVE;
				GCC_WARN_UNUSED_FUNCTION = YES;
				GCC_WARN_UNUSED_VARIABLE = YES;
				IPHONEOS_DEPLOYMENT_TARGET = 17.5;
				LOCALIZATION_PREFERS_STRING_CATALOGS = YES;
				MTL_ENABLE_DEBUG_INFO = INCLUDE_SOURCE;
				MTL_FAST_MATH = YES;
				ONLY_ACTIVE_ARCH = YES;
				SDKROOT = iphoneos;
				SWIFT_ACTIVE_COMPILATION_CONDITIONS = "DEBUG $(inherited)";
				SWIFT_OPTIMIZATION_LEVEL = "-Onone";
			};
			name = Debug;
		};
		935C5C2D2C94ADC600E08BAC /* Release */ = {
			isa = XCBuildConfiguration;
			buildSettings = {
				ALWAYS_SEARCH_USER_PATHS = NO;
				ASSETCATALOG_COMPILER_GENERATE_SWIFT_ASSET_SYMBOL_EXTENSIONS = YES;
				CLANG_ANALYZER_NONNULL = YES;
				CLANG_ANALYZER_NUMBER_OBJECT_CONVERSION = YES_AGGRESSIVE;
				CLANG_CXX_LANGUAGE_STANDARD = "gnu++20";
				CLANG_ENABLE_MODULES = YES;
				CLANG_ENABLE_OBJC_ARC = YES;
				CLANG_ENABLE_OBJC_WEAK = YES;
				CLANG_WARN_BLOCK_CAPTURE_AUTORELEASING = YES;
				CLANG_WARN_BOOL_CONVERSION = YES;
				CLANG_WARN_COMMA = YES;
				CLANG_WARN_CONSTANT_CONVERSION = YES;
				CLANG_WARN_DEPRECATED_OBJC_IMPLEMENTATIONS = YES;
				CLANG_WARN_DIRECT_OBJC_ISA_USAGE = YES_ERROR;
				CLANG_WARN_DOCUMENTATION_COMMENTS = YES;
				CLANG_WARN_EMPTY_BODY = YES;
				CLANG_WARN_ENUM_CONVERSION = YES;
				CLANG_WARN_INFINITE_RECURSION = YES;
				CLANG_WARN_INT_CONVERSION = YES;
				CLANG_WARN_NON_LITERAL_NULL_CONVERSION = YES;
				CLANG_WARN_OBJC_IMPLICIT_RETAIN_SELF = YES;
				CLANG_WARN_OBJC_LITERAL_CONVERSION = YES;
				CLANG_WARN_OBJC_ROOT_CLASS = YES_ERROR;
				CLANG_WARN_QUOTED_INCLUDE_IN_FRAMEWORK_HEADER = YES;
				CLANG_WARN_RANGE_LOOP_ANALYSIS = YES;
				CLANG_WARN_STRICT_PROTOTYPES = YES;
				CLANG_WARN_SUSPICIOUS_MOVE = YES;
				CLANG_WARN_UNGUARDED_AVAILABILITY = YES_AGGRESSIVE;
				CLANG_WARN_UNREACHABLE_CODE = YES;
				CLANG_WARN__DUPLICATE_METHOD_MATCH = YES;
				COPY_PHASE_STRIP = NO;
				DEBUG_INFORMATION_FORMAT = "dwarf-with-dsym";
				ENABLE_NS_ASSERTIONS = NO;
				ENABLE_STRICT_OBJC_MSGSEND = YES;
				ENABLE_USER_SCRIPT_SANDBOXING = YES;
				GCC_C_LANGUAGE_STANDARD = gnu17;
				GCC_NO_COMMON_BLOCKS = YES;
				GCC_WARN_64_TO_32_BIT_CONVERSION = YES;
				GCC_WARN_ABOUT_RETURN_TYPE = YES_ERROR;
				GCC_WARN_UNDECLARED_SELECTOR = YES;
				GCC_WARN_UNINITIALIZED_AUTOS = YES_AGGRESSIVE;
				GCC_WARN_UNUSED_FUNCTION = YES;
				GCC_WARN_UNUSED_VARIABLE = YES;
				IPHONEOS_DEPLOYMENT_TARGET = 17.5;
				LOCALIZATION_PREFERS_STRING_CATALOGS = YES;
				MTL_ENABLE_DEBUG_INFO = NO;
				MTL_FAST_MATH = YES;
				SDKROOT = iphoneos;
				SWIFT_COMPILATION_MODE = wholemodule;
				VALIDATE_PRODUCT = YES;
			};
			name = Release;
		};
		935C5C2F2C94ADC600E08BAC /* Debug */ = {
			isa = XCBuildConfiguration;
			buildSettings = {
				ASSETCATALOG_COMPILER_APPICON_NAME = AppIcon;
				ASSETCATALOG_COMPILER_GLOBAL_ACCENT_COLOR_NAME = AccentColor;
				CODE_SIGN_STYLE = Automatic;
				CURRENT_PROJECT_VERSION = 1;
				DEVELOPMENT_ASSET_PATHS = "\"CleanCode/Preview Content\"";
				DEVELOPMENT_TEAM = H63C6QYHX2;
				ENABLE_PREVIEWS = YES;
				GENERATE_INFOPLIST_FILE = YES;
				INFOPLIST_KEY_CFBundleDisplayName = CleanCode;
				INFOPLIST_KEY_LSApplicationCategoryType = "public.app-category.developer-tools";
				INFOPLIST_KEY_UIApplicationSceneManifest_Generation = YES;
				INFOPLIST_KEY_UIApplicationSupportsIndirectInputEvents = YES;
				INFOPLIST_KEY_UILaunchScreen_Generation = YES;
				INFOPLIST_KEY_UISupportedInterfaceOrientations_iPad = "UIInterfaceOrientationPortrait UIInterfaceOrientationPortraitUpsideDown UIInterfaceOrientationLandscapeLeft UIInterfaceOrientationLandscapeRight";
				INFOPLIST_KEY_UISupportedInterfaceOrientations_iPhone = "UIInterfaceOrientationPortrait UIInterfaceOrientationLandscapeLeft UIInterfaceOrientationLandscapeRight";
				IPHONEOS_DEPLOYMENT_TARGET = 18.0;
				LD_RUNPATH_SEARCH_PATHS = (
					"$(inherited)",
					"@executable_path/Frameworks",
				);
				MARKETING_VERSION = "Beta 1.0.0";
				PRODUCT_BUNDLE_IDENTIFIER = teoarandapaez.CleanCode;
				PRODUCT_NAME = "$(TARGET_NAME)";
				SWIFT_EMIT_LOC_STRINGS = YES;
				SWIFT_VERSION = 5.0;
				TARGETED_DEVICE_FAMILY = "1,2";
			};
			name = Debug;
		};
		935C5C302C94ADC600E08BAC /* Release */ = {
			isa = XCBuildConfiguration;
			buildSettings = {
				ASSETCATALOG_COMPILER_APPICON_NAME = AppIcon;
				ASSETCATALOG_COMPILER_GLOBAL_ACCENT_COLOR_NAME = AccentColor;
				CODE_SIGN_STYLE = Automatic;
				CURRENT_PROJECT_VERSION = 1;
				DEVELOPMENT_ASSET_PATHS = "\"CleanCode/Preview Content\"";
				DEVELOPMENT_TEAM = H63C6QYHX2;
				ENABLE_PREVIEWS = YES;
				GENERATE_INFOPLIST_FILE = YES;
				INFOPLIST_KEY_CFBundleDisplayName = CleanCode;
				INFOPLIST_KEY_LSApplicationCategoryType = "public.app-category.developer-tools";
				INFOPLIST_KEY_UIApplicationSceneManifest_Generation = YES;
				INFOPLIST_KEY_UIApplicationSupportsIndirectInputEvents = YES;
				INFOPLIST_KEY_UILaunchScreen_Generation = YES;
				INFOPLIST_KEY_UISupportedInterfaceOrientations_iPad = "UIInterfaceOrientationPortrait UIInterfaceOrientationPortraitUpsideDown UIInterfaceOrientationLandscapeLeft UIInterfaceOrientationLandscapeRight";
				INFOPLIST_KEY_UISupportedInterfaceOrientations_iPhone = "UIInterfaceOrientationPortrait UIInterfaceOrientationLandscapeLeft UIInterfaceOrientationLandscapeRight";
				IPHONEOS_DEPLOYMENT_TARGET = 18.0;
				LD_RUNPATH_SEARCH_PATHS = (
					"$(inherited)",
					"@executable_path/Frameworks",
				);
				MARKETING_VERSION = "Beta 1.0.0";
				PRODUCT_BUNDLE_IDENTIFIER = teoarandapaez.CleanCode;
				PRODUCT_NAME = "$(TARGET_NAME)";
				SWIFT_EMIT_LOC_STRINGS = YES;
				SWIFT_VERSION = 5.0;
				TARGETED_DEVICE_FAMILY = "1,2";
			};
			name = Release;
		};
		935C5C322C94ADC600E08BAC /* Debug */ = {
			isa = XCBuildConfiguration;
			buildSettings = {
				ALWAYS_EMBED_SWIFT_STANDARD_LIBRARIES = YES;
				BUNDLE_LOADER = "$(TEST_HOST)";
				CODE_SIGN_STYLE = Automatic;
				CURRENT_PROJECT_VERSION = 1;
				GENERATE_INFOPLIST_FILE = YES;
				IPHONEOS_DEPLOYMENT_TARGET = 17.5;
				MARKETING_VERSION = 1.0;
				PRODUCT_BUNDLE_IDENTIFIER = teoarandapaez.CleanCodeTests;
				PRODUCT_NAME = "$(TARGET_NAME)";
				SWIFT_EMIT_LOC_STRINGS = NO;
				SWIFT_VERSION = 5.0;
				TARGETED_DEVICE_FAMILY = "1,2";
				TEST_HOST = "$(BUILT_PRODUCTS_DIR)/CleanCode.app/$(BUNDLE_EXECUTABLE_FOLDER_PATH)/CleanCode";
			};
			name = Debug;
		};
		935C5C332C94ADC600E08BAC /* Release */ = {
			isa = XCBuildConfiguration;
			buildSettings = {
				ALWAYS_EMBED_SWIFT_STANDARD_LIBRARIES = YES;
				BUNDLE_LOADER = "$(TEST_HOST)";
				CODE_SIGN_STYLE = Automatic;
				CURRENT_PROJECT_VERSION = 1;
				GENERATE_INFOPLIST_FILE = YES;
				IPHONEOS_DEPLOYMENT_TARGET = 17.5;
				MARKETING_VERSION = 1.0;
				PRODUCT_BUNDLE_IDENTIFIER = teoarandapaez.CleanCodeTests;
				PRODUCT_NAME = "$(TARGET_NAME)";
				SWIFT_EMIT_LOC_STRINGS = NO;
				SWIFT_VERSION = 5.0;
				TARGETED_DEVICE_FAMILY = "1,2";
				TEST_HOST = "$(BUILT_PRODUCTS_DIR)/CleanCode.app/$(BUNDLE_EXECUTABLE_FOLDER_PATH)/CleanCode";
			};
			name = Release;
		};
		935C5C352C94ADC600E08BAC /* Debug */ = {
			isa = XCBuildConfiguration;
			buildSettings = {
				ALWAYS_EMBED_SWIFT_STANDARD_LIBRARIES = YES;
				CODE_SIGN_STYLE = Automatic;
				CURRENT_PROJECT_VERSION = 1;
				GENERATE_INFOPLIST_FILE = YES;
				MARKETING_VERSION = 1.0;
				PRODUCT_BUNDLE_IDENTIFIER = teoarandapaez.CleanCodeUITests;
				PRODUCT_NAME = "$(TARGET_NAME)";
				SWIFT_EMIT_LOC_STRINGS = NO;
				SWIFT_VERSION = 5.0;
				TARGETED_DEVICE_FAMILY = "1,2";
				TEST_TARGET_NAME = CleanCode;
			};
			name = Debug;
		};
		935C5C362C94ADC600E08BAC /* Release */ = {
			isa = XCBuildConfiguration;
			buildSettings = {
				ALWAYS_EMBED_SWIFT_STANDARD_LIBRARIES = YES;
				CODE_SIGN_STYLE = Automatic;
				CURRENT_PROJECT_VERSION = 1;
				GENERATE_INFOPLIST_FILE = YES;
				MARKETING_VERSION = 1.0;
				PRODUCT_BUNDLE_IDENTIFIER = teoarandapaez.CleanCodeUITests;
				PRODUCT_NAME = "$(TARGET_NAME)";
				SWIFT_EMIT_LOC_STRINGS = NO;
				SWIFT_VERSION = 5.0;
				TARGETED_DEVICE_FAMILY = "1,2";
				TEST_TARGET_NAME = CleanCode;
			};
			name = Release;
		};
/* End XCBuildConfiguration section */

/* Begin XCConfigurationList section */
		935C5C052C94ADC500E08BAC /* Build configuration list for PBXProject "CleanCode" */ = {
			isa = XCConfigurationList;
			buildConfigurations = (
				935C5C2C2C94ADC600E08BAC /* Debug */,
				935C5C2D2C94ADC600E08BAC /* Release */,
			);
			defaultConfigurationIsVisible = 0;
			defaultConfigurationName = Release;
		};
		935C5C2E2C94ADC600E08BAC /* Build configuration list for PBXNativeTarget "CleanCode" */ = {
			isa = XCConfigurationList;
			buildConfigurations = (
				935C5C2F2C94ADC600E08BAC /* Debug */,
				935C5C302C94ADC600E08BAC /* Release */,
			);
			defaultConfigurationIsVisible = 0;
			defaultConfigurationName = Release;
		};
		935C5C312C94ADC600E08BAC /* Build configuration list for PBXNativeTarget "CleanCodeTests" */ = {
			isa = XCConfigurationList;
			buildConfigurations = (
				935C5C322C94ADC600E08BAC /* Debug */,
				935C5C332C94ADC600E08BAC /* Release */,
			);
			defaultConfigurationIsVisible = 0;
			defaultConfigurationName = Release;
		};
		935C5C342C94ADC600E08BAC /* Build configuration list for PBXNativeTarget "CleanCodeUITests" */ = {
			isa = XCConfigurationList;
			buildConfigurations = (
				935C5C352C94ADC600E08BAC /* Debug */,
				935C5C362C94ADC600E08BAC /* Release */,
			);
			defaultConfigurationIsVisible = 0;
			defaultConfigurationName = Release;
		};
/* End XCConfigurationList section */
	};
	rootObject = 935C5C022C94ADC500E08BAC /* Project object */;
}
