// !$*UTF8*$!
{
	archiveVersion = 1;
	classes = {
	};
	objectVersion = 56;
	objects = {

/* Begin PBXBuildFile section */
		93339C472CA59532006484CE /* ChapterView.swift in Sources */ = {isa = PBXBuildFile; fileRef = 93339C462CA59531006484CE /* ChapterView.swift */; };
		933C82DB2CA328E300A44B58 /* menu.json in Resources */ = {isa = PBXBuildFile; fileRef = 933C82DA2CA328E300A44B58 /* menu.json */; };
		933C82DD2CA3324F00A44B58 /* BottomSheetView.swift in Sources */ = {isa = PBXBuildFile; fileRef = 933C82DC2CA3324F00A44B58 /* BottomSheetView.swift */; };
		935940C32CA2017E002AA0C9 /* Helper.swift in Sources */ = {isa = PBXBuildFile; fileRef = 935940C22CA2017E002AA0C9 /* Helper.swift */; };
		935940C62CA201DA002AA0C9 /* Menu.swift in Sources */ = {isa = PBXBuildFile; fileRef = 935940C42CA201DA002AA0C9 /* Menu.swift */; };
		935940CB2CA2FB5D002AA0C9 /* ItemRow.swift in Sources */ = {isa = PBXBuildFile; fileRef = 935940CA2CA2FB5D002AA0C9 /* ItemRow.swift */; };
		935C5C0E2C94ADC500E08BAC /* CleanCodeApp.swift in Sources */ = {isa = PBXBuildFile; fileRef = 935C5C0D2C94ADC500E08BAC /* CleanCodeApp.swift */; };
		935C5C102C94ADC500E08BAC /* ContentView.swift in Sources */ = {isa = PBXBuildFile; fileRef = 935C5C0F2C94ADC500E08BAC /* ContentView.swift */; };
		935C5C122C94ADC600E08BAC /* Assets.xcassets in Resources */ = {isa = PBXBuildFile; fileRef = 935C5C112C94ADC600E08BAC /* Assets.xcassets */; };
		935C5C152C94ADC600E08BAC /* Preview Assets.xcassets in Resources */ = {isa = PBXBuildFile; fileRef = 935C5C142C94ADC600E08BAC /* Preview Assets.xcassets */; };
		935C5C1F2C94ADC600E08BAC /* CleanCodeTests.swift in Sources */ = {isa = PBXBuildFile; fileRef = 935C5C1E2C94ADC600E08BAC /* CleanCodeTests.swift */; };
		935C5C292C94ADC600E08BAC /* CleanCodeUITests.swift in Sources */ = {isa = PBXBuildFile; fileRef = 935C5C282C94ADC600E08BAC /* CleanCodeUITests.swift */; };
		935C5C2B2C94ADC600E08BAC /* CleanCodeUITestsLaunchTests.swift in Sources */ = {isa = PBXBuildFile; fileRef = 935C5C2A2C94ADC600E08BAC /* CleanCodeUITestsLaunchTests.swift */; };
		9368B5072CB407400064B4FB /* FaqView.swift in Sources */ = {isa = PBXBuildFile; fileRef = 9368B5062CB407400064B4FB /* FaqView.swift */; };
		9368B5172CB81E540064B4FB /* ImageSheetQ1View.swift in Sources */ = {isa = PBXBuildFile; fileRef = 9368B5162CB81E540064B4FB /* ImageSheetQ1View.swift */; };
		9368B5192CB95B680064B4FB /* ImageSheetQ3View.swift in Sources */ = {isa = PBXBuildFile; fileRef = 9368B5182CB95B680064B4FB /* ImageSheetQ3View.swift */; };
		9368B51B2CB95B8A0064B4FB /* ImageSheetQ5View.swift in Sources */ = {isa = PBXBuildFile; fileRef = 9368B51A2CB95B8A0064B4FB /* ImageSheetQ5View.swift */; };
		9368B51D2CB95B9D0064B4FB /* ImageSheetQ7View.swift in Sources */ = {isa = PBXBuildFile; fileRef = 9368B51C2CB95B9D0064B4FB /* ImageSheetQ7View.swift */; };
		9368B51F2CB95BA90064B4FB /* ImageSheetQ9View.swift in Sources */ = {isa = PBXBuildFile; fileRef = 9368B51E2CB95BA90064B4FB /* ImageSheetQ9View.swift */; };
		9368B5212CB95BB40064B4FB /* ImageSheetQ11View.swift in Sources */ = {isa = PBXBuildFile; fileRef = 9368B5202CB95BB40064B4FB /* ImageSheetQ11View.swift */; };
		9368B5232CB95BBD0064B4FB /* ImageSheetQ13View.swift in Sources */ = {isa = PBXBuildFile; fileRef = 9368B5222CB95BBD0064B4FB /* ImageSheetQ13View.swift */; };
		9368B5252CB95BC80064B4FB /* ImageSheetQ15View.swift in Sources */ = {isa = PBXBuildFile; fileRef = 9368B5242CB95BC80064B4FB /* ImageSheetQ15View.swift */; };
		9368B5272CB95BD40064B4FB /* ImageSheetQ17View.swift in Sources */ = {isa = PBXBuildFile; fileRef = 9368B5262CB95BD40064B4FB /* ImageSheetQ17View.swift */; };
		9368B5292CB95BDC0064B4FB /* ImageSheetQ19View.swift in Sources */ = {isa = PBXBuildFile; fileRef = 9368B5282CB95BDC0064B4FB /* ImageSheetQ19View.swift */; };
		9368B52B2CB95BE60064B4FB /* ImageSheetQ21View.swift in Sources */ = {isa = PBXBuildFile; fileRef = 9368B52A2CB95BE60064B4FB /* ImageSheetQ21View.swift */; };
		9368B52D2CB95BEF0064B4FB /* ImageSheetQ23View.swift in Sources */ = {isa = PBXBuildFile; fileRef = 9368B52C2CB95BEF0064B4FB /* ImageSheetQ23View.swift */; };
		9368B52F2CB95BF90064B4FB /* ImageSheetQ25View.swift in Sources */ = {isa = PBXBuildFile; fileRef = 9368B52E2CB95BF90064B4FB /* ImageSheetQ25View.swift */; };
		9368B5312CB95C020064B4FB /* ImageSheetQ27View.swift in Sources */ = {isa = PBXBuildFile; fileRef = 9368B5302CB95C020064B4FB /* ImageSheetQ27View.swift */; };
		9368B5332CB95C0D0064B4FB /* ImageSheetQ29View.swift in Sources */ = {isa = PBXBuildFile; fileRef = 9368B5322CB95C0D0064B4FB /* ImageSheetQ29View.swift */; };
		9368B5352CB95C150064B4FB /* ImageSheetQ31View.swift in Sources */ = {isa = PBXBuildFile; fileRef = 9368B5342CB95C150064B4FB /* ImageSheetQ31View.swift */; };
		9368B5372CB962000064B4FB /* ImageSheetQ2View.swift in Sources */ = {isa = PBXBuildFile; fileRef = 9368B5362CB962000064B4FB /* ImageSheetQ2View.swift */; };
		9368B5392CB9625B0064B4FB /* ImageSheetQ4View.swift in Sources */ = {isa = PBXBuildFile; fileRef = 9368B5382CB9625B0064B4FB /* ImageSheetQ4View.swift */; };
		9368B53B2CB9626A0064B4FB /* ImageSheetQ6View.swift in Sources */ = {isa = PBXBuildFile; fileRef = 9368B53A2CB9626A0064B4FB /* ImageSheetQ6View.swift */; };
		9368B53D2CB962770064B4FB /* ImageSheetQ8View.swift in Sources */ = {isa = PBXBuildFile; fileRef = 9368B53C2CB962770064B4FB /* ImageSheetQ8View.swift */; };
		9368B53F2CB962940064B4FB /* ImageSheetQ10View.swift in Sources */ = {isa = PBXBuildFile; fileRef = 9368B53E2CB962940064B4FB /* ImageSheetQ10View.swift */; };
		9368B5412CB962A30064B4FB /* ImageSheetQ12View.swift in Sources */ = {isa = PBXBuildFile; fileRef = 9368B5402CB962A30064B4FB /* ImageSheetQ12View.swift */; };
		9368B5432CB962B40064B4FB /* ImageSheetQ14View.swift in Sources */ = {isa = PBXBuildFile; fileRef = 9368B5422CB962B40064B4FB /* ImageSheetQ14View.swift */; };
		9368B5452CB962BF0064B4FB /* ImageSheetQ16View.swift in Sources */ = {isa = PBXBuildFile; fileRef = 9368B5442CB962BF0064B4FB /* ImageSheetQ16View.swift */; };
		9368B5472CB962C90064B4FB /* ImageSheetQ18View.swift in Sources */ = {isa = PBXBuildFile; fileRef = 9368B5462CB962C90064B4FB /* ImageSheetQ18View.swift */; };
		9368B5492CB962D80064B4FB /* ImageSheetQ20View.swift in Sources */ = {isa = PBXBuildFile; fileRef = 9368B5482CB962D80064B4FB /* ImageSheetQ20View.swift */; };
		9368B54B2CB962E60064B4FB /* ImageSheetQ22View.swift in Sources */ = {isa = PBXBuildFile; fileRef = 9368B54A2CB962E60064B4FB /* ImageSheetQ22View.swift */; };
		9368B54D2CB962F40064B4FB /* ImageSheetQ24View.swift in Sources */ = {isa = PBXBuildFile; fileRef = 9368B54C2CB962F40064B4FB /* ImageSheetQ24View.swift */; };
		9368B5512CB964480064B4FB /* ImageSheetQ26View.swift in Sources */ = {isa = PBXBuildFile; fileRef = 9368B5502CB964480064B4FB /* ImageSheetQ26View.swift */; };
		9368B5532CB964540064B4FB /* ImageSheetQ28View.swift in Sources */ = {isa = PBXBuildFile; fileRef = 9368B5522CB964540064B4FB /* ImageSheetQ28View.swift */; };
		9368B5552CB9645E0064B4FB /* ImageSheetQ30View.swift in Sources */ = {isa = PBXBuildFile; fileRef = 9368B5542CB9645E0064B4FB /* ImageSheetQ30View.swift */; };
		9368B5572CB9646A0064B4FB /* ImageSheetQ32View.swift in Sources */ = {isa = PBXBuildFile; fileRef = 9368B5562CB9646A0064B4FB /* ImageSheetQ32View.swift */; };
		9368B5592CB9E3560064B4FB /* PrivacyView.swift in Sources */ = {isa = PBXBuildFile; fileRef = 9368B5582CB9E3560064B4FB /* PrivacyView.swift */; };
		9368B55C2CB9E4C30064B4FB /* TermsOfUseView.swift in Sources */ = {isa = PBXBuildFile; fileRef = 9368B55B2CB9E4C30064B4FB /* TermsOfUseView.swift */; };
		938914382CB08D1B00D2631E /* OthersView.swift in Sources */ = {isa = PBXBuildFile; fileRef = 938914372CB08D1B00D2631E /* OthersView.swift */; };
		93A0BC092CADBE86003BAF5B /* SettingsView.swift in Sources */ = {isa = PBXBuildFile; fileRef = 93A0BC082CADBE86003BAF5B /* SettingsView.swift */; };
		93A4B4612CC7F3D700A8B40C /* Credits in Resources */ = {isa = PBXBuildFile; fileRef = 93A4B4602CC7F3D700A8B40C /* Credits */; };
		93A4B46D2CCBBD7400A8B40C /* ScanView.swift in Sources */ = {isa = PBXBuildFile; fileRef = 93A4B46C2CCBBD7400A8B40C /* ScanView.swift */; };
		93A4B46F2CCBC3A800A8B40C /* ScannerView.swift in Sources */ = {isa = PBXBuildFile; fileRef = 93A4B46E2CCBC3A800A8B40C /* ScannerView.swift */; };
		93A4B4CA2CCEC04F00A8B40C /* ScanView.swift in Sources */ = {isa = PBXBuildFile; fileRef = 93A4B4C92CCEC04F00A8B40C /* ScanView.swift */; };
		93A4B4CB2CCEC04F00A8B40C /* ScannerView.swift in Sources */ = {isa = PBXBuildFile; fileRef = 93A4B4C82CCEC04F00A8B40C /* ScannerView.swift */; };
		93ACBDC92CAD70F6002DC57C /* DescriptionQ1Q2View.swift in Sources */ = {isa = PBXBuildFile; fileRef = 93ACBDC82CAD70F6002DC57C /* DescriptionQ1Q2View.swift */; };
		93ACBDE92CAD7194002DC57C /* DescriptionQ3Q4View.swift in Sources */ = {isa = PBXBuildFile; fileRef = 93ACBDE82CAD7194002DC57C /* DescriptionQ3Q4View.swift */; };
		93ACBDEB2CAD71A4002DC57C /* DescriptionQ5Q6View.swift in Sources */ = {isa = PBXBuildFile; fileRef = 93ACBDEA2CAD71A4002DC57C /* DescriptionQ5Q6View.swift */; };
		93ACBDED2CAD71AF002DC57C /* DescriptionQ7Q8View.swift in Sources */ = {isa = PBXBuildFile; fileRef = 93ACBDEC2CAD71AF002DC57C /* DescriptionQ7Q8View.swift */; };
		93ACBDEF2CAD71B8002DC57C /* DescriptionQ9Q10View.swift in Sources */ = {isa = PBXBuildFile; fileRef = 93ACBDEE2CAD71B8002DC57C /* DescriptionQ9Q10View.swift */; };
		93ACBDF12CAD71C3002DC57C /* DescriptionQ11Q12View.swift in Sources */ = {isa = PBXBuildFile; fileRef = 93ACBDF02CAD71C3002DC57C /* DescriptionQ11Q12View.swift */; };
		93ACBDF32CAD71D0002DC57C /* DescriptionQ13Q14View.swift in Sources */ = {isa = PBXBuildFile; fileRef = 93ACBDF22CAD71D0002DC57C /* DescriptionQ13Q14View.swift */; };
		93ACBDF52CAD71DD002DC57C /* DescriptionQ15Q16View.swift in Sources */ = {isa = PBXBuildFile; fileRef = 93ACBDF42CAD71DD002DC57C /* DescriptionQ15Q16View.swift */; };
		93ACBDF72CAD71F5002DC57C /* DescriptionQ17Q18View.swift in Sources */ = {isa = PBXBuildFile; fileRef = 93ACBDF62CAD71F5002DC57C /* DescriptionQ17Q18View.swift */; };
		93ACBDF92CAD71FD002DC57C /* DescriptionQ19Q20View.swift in Sources */ = {isa = PBXBuildFile; fileRef = 93ACBDF82CAD71FD002DC57C /* DescriptionQ19Q20View.swift */; };
		93ACBDFB2CAD7206002DC57C /* DescriptionQ21Q22View.swift in Sources */ = {isa = PBXBuildFile; fileRef = 93ACBDFA2CAD7206002DC57C /* DescriptionQ21Q22View.swift */; };
		93ACBDFD2CAD7210002DC57C /* DescriptionQ23Q24View.swift in Sources */ = {isa = PBXBuildFile; fileRef = 93ACBDFC2CAD7210002DC57C /* DescriptionQ23Q24View.swift */; };
		93ACBDFF2CAD7219002DC57C /* DescriptionQ25Q26View.swift in Sources */ = {isa = PBXBuildFile; fileRef = 93ACBDFE2CAD7219002DC57C /* DescriptionQ25Q26View.swift */; };
		93ACBE012CAD7221002DC57C /* DescriptionQ27Q28View.swift in Sources */ = {isa = PBXBuildFile; fileRef = 93ACBE002CAD7221002DC57C /* DescriptionQ27Q28View.swift */; };
		93ACBE032CAD722A002DC57C /* DescriptionQ29Q30View.swift in Sources */ = {isa = PBXBuildFile; fileRef = 93ACBE022CAD722A002DC57C /* DescriptionQ29Q30View.swift */; };
		93ACBE052CAD7233002DC57C /* DescriptionQ31Q32View.swift in Sources */ = {isa = PBXBuildFile; fileRef = 93ACBE042CAD7233002DC57C /* DescriptionQ31Q32View.swift */; };
/* End PBXBuildFile section */

/* Begin PBXContainerItemProxy section */
		935C5C1B2C94ADC600E08BAC /* PBXContainerItemProxy */ = {
			isa = PBXContainerItemProxy;
			containerPortal = 935C5C022C94ADC500E08BAC /* Project object */;
			proxyType = 1;
			remoteGlobalIDString = 935C5C092C94ADC500E08BAC;
			remoteInfo = CleanCode;
		};
		935C5C252C94ADC600E08BAC /* PBXContainerItemProxy */ = {
			isa = PBXContainerItemProxy;
			containerPortal = 935C5C022C94ADC500E08BAC /* Project object */;
			proxyType = 1;
			remoteGlobalIDString = 935C5C092C94ADC500E08BAC;
			remoteInfo = CleanCode;
		};
/* End PBXContainerItemProxy section */

/* Begin PBXFileReference section */
		93339C462CA59531006484CE /* ChapterView.swift */ = {isa = PBXFileReference; lastKnownFileType = sourcecode.swift; path = ChapterView.swift; sourceTree = "<group>"; };
		933C82DA2CA328E300A44B58 /* menu.json */ = {isa = PBXFileReference; lastKnownFileType = text.json; path = menu.json; sourceTree = "<group>"; };
		933C82DC2CA3324F00A44B58 /* BottomSheetView.swift */ = {isa = PBXFileReference; lastKnownFileType = sourcecode.swift; path = BottomSheetView.swift; sourceTree = "<group>"; };
		935940C22CA2017E002AA0C9 /* Helper.swift */ = {isa = PBXFileReference; lastKnownFileType = sourcecode.swift; path = Helper.swift; sourceTree = "<group>"; };
		935940C42CA201DA002AA0C9 /* Menu.swift */ = {isa = PBXFileReference; lastKnownFileType = sourcecode.swift; path = Menu.swift; sourceTree = "<group>"; };
		935940CA2CA2FB5D002AA0C9 /* ItemRow.swift */ = {isa = PBXFileReference; lastKnownFileType = sourcecode.swift; path = ItemRow.swift; sourceTree = "<group>"; };
		935C5C0A2C94ADC500E08BAC /* CleanCode.app */ = {isa = PBXFileReference; explicitFileType = wrapper.application; includeInIndex = 0; path = CleanCode.app; sourceTree = BUILT_PRODUCTS_DIR; };
		935C5C0D2C94ADC500E08BAC /* CleanCodeApp.swift */ = {isa = PBXFileReference; lastKnownFileType = sourcecode.swift; path = CleanCodeApp.swift; sourceTree = "<group>"; };
		935C5C0F2C94ADC500E08BAC /* ContentView.swift */ = {isa = PBXFileReference; lastKnownFileType = sourcecode.swift; path = ContentView.swift; sourceTree = "<group>"; };
		935C5C112C94ADC600E08BAC /* Assets.xcassets */ = {isa = PBXFileReference; lastKnownFileType = folder.assetcatalog; path = Assets.xcassets; sourceTree = "<group>"; };
		935C5C142C94ADC600E08BAC /* Preview Assets.xcassets */ = {isa = PBXFileReference; lastKnownFileType = folder.assetcatalog; path = "Preview Assets.xcassets"; sourceTree = "<group>"; };
		935C5C1A2C94ADC600E08BAC /* CleanCodeTests.xctest */ = {isa = PBXFileReference; explicitFileType = wrapper.cfbundle; includeInIndex = 0; path = CleanCodeTests.xctest; sourceTree = BUILT_PRODUCTS_DIR; };
		935C5C1E2C94ADC600E08BAC /* CleanCodeTests.swift */ = {isa = PBXFileReference; lastKnownFileType = sourcecode.swift; path = CleanCodeTests.swift; sourceTree = "<group>"; };
		935C5C242C94ADC600E08BAC /* CleanCodeUITests.xctest */ = {isa = PBXFileReference; explicitFileType = wrapper.cfbundle; includeInIndex = 0; path = CleanCodeUITests.xctest; sourceTree = BUILT_PRODUCTS_DIR; };
		935C5C282C94ADC600E08BAC /* CleanCodeUITests.swift */ = {isa = PBXFileReference; lastKnownFileType = sourcecode.swift; path = CleanCodeUITests.swift; sourceTree = "<group>"; };
		935C5C2A2C94ADC600E08BAC /* CleanCodeUITestsLaunchTests.swift */ = {isa = PBXFileReference; lastKnownFileType = sourcecode.swift; path = CleanCodeUITestsLaunchTests.swift; sourceTree = "<group>"; };
		9368B5062CB407400064B4FB /* FaqView.swift */ = {isa = PBXFileReference; lastKnownFileType = sourcecode.swift; path = FaqView.swift; sourceTree = "<group>"; };
		9368B50E2CB56EA90064B4FB /* Info.plist */ = {isa = PBXFileReference; lastKnownFileType = text.plist; path = Info.plist; sourceTree = "<group>"; };
		9368B5162CB81E540064B4FB /* ImageSheetQ1View.swift */ = {isa = PBXFileReference; lastKnownFileType = sourcecode.swift; path = ImageSheetQ1View.swift; sourceTree = "<group>"; };
		9368B5182CB95B680064B4FB /* ImageSheetQ3View.swift */ = {isa = PBXFileReference; lastKnownFileType = sourcecode.swift; path = ImageSheetQ3View.swift; sourceTree = "<group>"; };
		9368B51A2CB95B8A0064B4FB /* ImageSheetQ5View.swift */ = {isa = PBXFileReference; lastKnownFileType = sourcecode.swift; path = ImageSheetQ5View.swift; sourceTree = "<group>"; };
		9368B51C2CB95B9D0064B4FB /* ImageSheetQ7View.swift */ = {isa = PBXFileReference; lastKnownFileType = sourcecode.swift; path = ImageSheetQ7View.swift; sourceTree = "<group>"; };
		9368B51E2CB95BA90064B4FB /* ImageSheetQ9View.swift */ = {isa = PBXFileReference; lastKnownFileType = sourcecode.swift; path = ImageSheetQ9View.swift; sourceTree = "<group>"; };
		9368B5202CB95BB40064B4FB /* ImageSheetQ11View.swift */ = {isa = PBXFileReference; lastKnownFileType = sourcecode.swift; path = ImageSheetQ11View.swift; sourceTree = "<group>"; };
		9368B5222CB95BBD0064B4FB /* ImageSheetQ13View.swift */ = {isa = PBXFileReference; lastKnownFileType = sourcecode.swift; path = ImageSheetQ13View.swift; sourceTree = "<group>"; };
		9368B5242CB95BC80064B4FB /* ImageSheetQ15View.swift */ = {isa = PBXFileReference; lastKnownFileType = sourcecode.swift; path = ImageSheetQ15View.swift; sourceTree = "<group>"; };
		9368B5262CB95BD40064B4FB /* ImageSheetQ17View.swift */ = {isa = PBXFileReference; lastKnownFileType = sourcecode.swift; path = ImageSheetQ17View.swift; sourceTree = "<group>"; };
		9368B5282CB95BDC0064B4FB /* ImageSheetQ19View.swift */ = {isa = PBXFileReference; lastKnownFileType = sourcecode.swift; path = ImageSheetQ19View.swift; sourceTree = "<group>"; };
		9368B52A2CB95BE60064B4FB /* ImageSheetQ21View.swift */ = {isa = PBXFileReference; lastKnownFileType = sourcecode.swift; path = ImageSheetQ21View.swift; sourceTree = "<group>"; };
		9368B52C2CB95BEF0064B4FB /* ImageSheetQ23View.swift */ = {isa = PBXFileReference; lastKnownFileType = sourcecode.swift; path = ImageSheetQ23View.swift; sourceTree = "<group>"; };
		9368B52E2CB95BF90064B4FB /* ImageSheetQ25View.swift */ = {isa = PBXFileReference; lastKnownFileType = sourcecode.swift; path = ImageSheetQ25View.swift; sourceTree = "<group>"; };
		9368B5302CB95C020064B4FB /* ImageSheetQ27View.swift */ = {isa = PBXFileReference; lastKnownFileType = sourcecode.swift; path = ImageSheetQ27View.swift; sourceTree = "<group>"; };
		9368B5322CB95C0D0064B4FB /* ImageSheetQ29View.swift */ = {isa = PBXFileReference; lastKnownFileType = sourcecode.swift; path = ImageSheetQ29View.swift; sourceTree = "<group>"; };
		9368B5342CB95C150064B4FB /* ImageSheetQ31View.swift */ = {isa = PBXFileReference; lastKnownFileType = sourcecode.swift; path = ImageSheetQ31View.swift; sourceTree = "<group>"; };
		9368B5362CB962000064B4FB /* ImageSheetQ2View.swift */ = {isa = PBXFileReference; lastKnownFileType = sourcecode.swift; path = ImageSheetQ2View.swift; sourceTree = "<group>"; };
		9368B5382CB9625B0064B4FB /* ImageSheetQ4View.swift */ = {isa = PBXFileReference; lastKnownFileType = sourcecode.swift; path = ImageSheetQ4View.swift; sourceTree = "<group>"; };
		9368B53A2CB9626A0064B4FB /* ImageSheetQ6View.swift */ = {isa = PBXFileReference; lastKnownFileType = sourcecode.swift; path = ImageSheetQ6View.swift; sourceTree = "<group>"; };
		9368B53C2CB962770064B4FB /* ImageSheetQ8View.swift */ = {isa = PBXFileReference; lastKnownFileType = sourcecode.swift; path = ImageSheetQ8View.swift; sourceTree = "<group>"; };
		9368B53E2CB962940064B4FB /* ImageSheetQ10View.swift */ = {isa = PBXFileReference; lastKnownFileType = sourcecode.swift; path = ImageSheetQ10View.swift; sourceTree = "<group>"; };
		9368B5402CB962A30064B4FB /* ImageSheetQ12View.swift */ = {isa = PBXFileReference; lastKnownFileType = sourcecode.swift; path = ImageSheetQ12View.swift; sourceTree = "<group>"; };
		9368B5422CB962B40064B4FB /* ImageSheetQ14View.swift */ = {isa = PBXFileReference; lastKnownFileType = sourcecode.swift; path = ImageSheetQ14View.swift; sourceTree = "<group>"; };
		9368B5442CB962BF0064B4FB /* ImageSheetQ16View.swift */ = {isa = PBXFileReference; lastKnownFileType = sourcecode.swift; path = ImageSheetQ16View.swift; sourceTree = "<group>"; };
		9368B5462CB962C90064B4FB /* ImageSheetQ18View.swift */ = {isa = PBXFileReference; lastKnownFileType = sourcecode.swift; path = ImageSheetQ18View.swift; sourceTree = "<group>"; };
		9368B5482CB962D80064B4FB /* ImageSheetQ20View.swift */ = {isa = PBXFileReference; lastKnownFileType = sourcecode.swift; path = ImageSheetQ20View.swift; sourceTree = "<group>"; };
		9368B54A2CB962E60064B4FB /* ImageSheetQ22View.swift */ = {isa = PBXFileReference; lastKnownFileType = sourcecode.swift; path = ImageSheetQ22View.swift; sourceTree = "<group>"; };
		9368B54C2CB962F40064B4FB /* ImageSheetQ24View.swift */ = {isa = PBXFileReference; lastKnownFileType = sourcecode.swift; path = ImageSheetQ24View.swift; sourceTree = "<group>"; };
		9368B5502CB964480064B4FB /* ImageSheetQ26View.swift */ = {isa = PBXFileReference; lastKnownFileType = sourcecode.swift; path = ImageSheetQ26View.swift; sourceTree = "<group>"; };
		9368B5522CB964540064B4FB /* ImageSheetQ28View.swift */ = {isa = PBXFileReference; lastKnownFileType = sourcecode.swift; path = ImageSheetQ28View.swift; sourceTree = "<group>"; };
		9368B5542CB9645E0064B4FB /* ImageSheetQ30View.swift */ = {isa = PBXFileReference; lastKnownFileType = sourcecode.swift; path = ImageSheetQ30View.swift; sourceTree = "<group>"; };
		9368B5562CB9646A0064B4FB /* ImageSheetQ32View.swift */ = {isa = PBXFileReference; lastKnownFileType = sourcecode.swift; path = ImageSheetQ32View.swift; sourceTree = "<group>"; };
		9368B5582CB9E3560064B4FB /* PrivacyView.swift */ = {isa = PBXFileReference; lastKnownFileType = sourcecode.swift; path = PrivacyView.swift; sourceTree = "<group>"; };
		9368B55B2CB9E4C30064B4FB /* TermsOfUseView.swift */ = {isa = PBXFileReference; lastKnownFileType = sourcecode.swift; path = TermsOfUseView.swift; sourceTree = "<group>"; };
		938914372CB08D1B00D2631E /* OthersView.swift */ = {isa = PBXFileReference; lastKnownFileType = sourcecode.swift; path = OthersView.swift; sourceTree = "<group>"; };
		93A0BC082CADBE86003BAF5B /* SettingsView.swift */ = {isa = PBXFileReference; lastKnownFileType = sourcecode.swift; path = SettingsView.swift; sourceTree = "<group>"; };
		93A4B4602CC7F3D700A8B40C /* Credits */ = {isa = PBXFileReference; lastKnownFileType = text; path = Credits; sourceTree = "<group>"; };
		93A4B46C2CCBBD7400A8B40C /* ScanView.swift */ = {isa = PBXFileReference; lastKnownFileType = sourcecode.swift; path = ScanView.swift; sourceTree = "<group>"; };
		93A4B46E2CCBC3A800A8B40C /* ScannerView.swift */ = {isa = PBXFileReference; lastKnownFileType = sourcecode.swift; path = ScannerView.swift; sourceTree = "<group>"; };
		93A4B4C82CCEC04F00A8B40C /* ScannerView.swift */ = {isa = PBXFileReference; lastKnownFileType = sourcecode.swift; name = ScannerView.swift; path = CleanCode/ScannerView.swift; sourceTree = "<group>"; };
		93A4B4C92CCEC04F00A8B40C /* ScanView.swift */ = {isa = PBXFileReference; lastKnownFileType = sourcecode.swift; name = ScanView.swift; path = CleanCode/ScanView.swift; sourceTree = "<group>"; };
		93ACBDC82CAD70F6002DC57C /* DescriptionQ1Q2View.swift */ = {isa = PBXFileReference; lastKnownFileType = sourcecode.swift; path = DescriptionQ1Q2View.swift; sourceTree = "<group>"; };
		93ACBDE82CAD7194002DC57C /* DescriptionQ3Q4View.swift */ = {isa = PBXFileReference; lastKnownFileType = sourcecode.swift; path = DescriptionQ3Q4View.swift; sourceTree = "<group>"; };
		93ACBDEA2CAD71A4002DC57C /* DescriptionQ5Q6View.swift */ = {isa = PBXFileReference; lastKnownFileType = sourcecode.swift; path = DescriptionQ5Q6View.swift; sourceTree = "<group>"; };
		93ACBDEC2CAD71AF002DC57C /* DescriptionQ7Q8View.swift */ = {isa = PBXFileReference; lastKnownFileType = sourcecode.swift; path = DescriptionQ7Q8View.swift; sourceTree = "<group>"; };
		93ACBDEE2CAD71B8002DC57C /* DescriptionQ9Q10View.swift */ = {isa = PBXFileReference; lastKnownFileType = sourcecode.swift; path = DescriptionQ9Q10View.swift; sourceTree = "<group>"; };
		93ACBDF02CAD71C3002DC57C /* DescriptionQ11Q12View.swift */ = {isa = PBXFileReference; lastKnownFileType = sourcecode.swift; path = DescriptionQ11Q12View.swift; sourceTree = "<group>"; };
		93ACBDF22CAD71D0002DC57C /* DescriptionQ13Q14View.swift */ = {isa = PBXFileReference; lastKnownFileType = sourcecode.swift; path = DescriptionQ13Q14View.swift; sourceTree = "<group>"; };
		93ACBDF42CAD71DD002DC57C /* DescriptionQ15Q16View.swift */ = {isa = PBXFileReference; lastKnownFileType = sourcecode.swift; path = DescriptionQ15Q16View.swift; sourceTree = "<group>"; };
		93ACBDF62CAD71F5002DC57C /* DescriptionQ17Q18View.swift */ = {isa = PBXFileReference; lastKnownFileType = sourcecode.swift; path = DescriptionQ17Q18View.swift; sourceTree = "<group>"; };
		93ACBDF82CAD71FD002DC57C /* DescriptionQ19Q20View.swift */ = {isa = PBXFileReference; lastKnownFileType = sourcecode.swift; path = DescriptionQ19Q20View.swift; sourceTree = "<group>"; };
		93ACBDFA2CAD7206002DC57C /* DescriptionQ21Q22View.swift */ = {isa = PBXFileReference; lastKnownFileType = sourcecode.swift; path = DescriptionQ21Q22View.swift; sourceTree = "<group>"; };
		93ACBDFC2CAD7210002DC57C /* DescriptionQ23Q24View.swift */ = {isa = PBXFileReference; lastKnownFileType = sourcecode.swift; path = DescriptionQ23Q24View.swift; sourceTree = "<group>"; };
		93ACBDFE2CAD7219002DC57C /* DescriptionQ25Q26View.swift */ = {isa = PBXFileReference; lastKnownFileType = sourcecode.swift; path = DescriptionQ25Q26View.swift; sourceTree = "<group>"; };
		93ACBE002CAD7221002DC57C /* DescriptionQ27Q28View.swift */ = {isa = PBXFileReference; lastKnownFileType = sourcecode.swift; path = DescriptionQ27Q28View.swift; sourceTree = "<group>"; };
		93ACBE022CAD722A002DC57C /* DescriptionQ29Q30View.swift */ = {isa = PBXFileReference; lastKnownFileType = sourcecode.swift; path = DescriptionQ29Q30View.swift; sourceTree = "<group>"; };
		93ACBE042CAD7233002DC57C /* DescriptionQ31Q32View.swift */ = {isa = PBXFileReference; lastKnownFileType = sourcecode.swift; path = DescriptionQ31Q32View.swift; sourceTree = "<group>"; };
/* End PBXFileReference section */

/* Begin PBXFrameworksBuildPhase section */
		935C5C072C94ADC500E08BAC /* Frameworks */ = {
			isa = PBXFrameworksBuildPhase;
			buildActionMask = 2147483647;
			files = (
			);
			runOnlyForDeploymentPostprocessing = 0;
		};
		935C5C172C94ADC600E08BAC /* Frameworks */ = {
			isa = PBXFrameworksBuildPhase;
			buildActionMask = 2147483647;
			files = (
			);
			runOnlyForDeploymentPostprocessing = 0;
		};
		935C5C212C94ADC600E08BAC /* Frameworks */ = {
			isa = PBXFrameworksBuildPhase;
			buildActionMask = 2147483647;
			files = (
			);
			runOnlyForDeploymentPostprocessing = 0;
		};
/* End PBXFrameworksBuildPhase section */

/* Begin PBXGroup section */
		935C5C012C94ADC500E08BAC = {
			isa = PBXGroup;
			children = (
				935C5C0C2C94ADC500E08BAC /* CleanCode */,
				935C5C272C94ADC600E08BAC /* CleanCodeUITests */,
				935C5C0B2C94ADC500E08BAC /* Products */,
			);
			sourceTree = "<group>";
		};
		935C5C0B2C94ADC500E08BAC /* Products */ = {
			isa = PBXGroup;
			children = (
				935C5C0A2C94ADC500E08BAC /* CleanCode.app */,
				935C5C1A2C94ADC600E08BAC /* CleanCodeTests.xctest */,
				935C5C242C94ADC600E08BAC /* CleanCodeUITests.xctest */,
			);
			name = Products;
			sourceTree = "<group>";
		};
		935C5C0C2C94ADC500E08BAC /* CleanCode */ = {
			isa = PBXGroup;
			children = (
				93A4B4C72CCEC00600A8B40C /* Scanner */,
				9368B50E2CB56EA90064B4FB /* Info.plist */,
				9368B55A2CB9E4910064B4FB /* Privacy */,
				9368B5112CB8095B0064B4FB /* Images */,
				93ACBDC72CAD70C3002DC57C /* Descriptions */,
				935C5C0D2C94ADC500E08BAC /* CleanCodeApp.swift */,
				935C5C0F2C94ADC500E08BAC /* ContentView.swift */,
				933C82DC2CA3324F00A44B58 /* BottomSheetView.swift */,
				93339C462CA59531006484CE /* ChapterView.swift */,
				93A0BC082CADBE86003BAF5B /* SettingsView.swift */,
				938914372CB08D1B00D2631E /* OthersView.swift */,
				9368B5062CB407400064B4FB /* FaqView.swift */,
				9368B5582CB9E3560064B4FB /* PrivacyView.swift */,
				93A4B46E2CCBC3A800A8B40C /* ScannerView.swift */,
				93A4B46C2CCBBD7400A8B40C /* ScanView.swift */,
				935940CA2CA2FB5D002AA0C9 /* ItemRow.swift */,
				935940C42CA201DA002AA0C9 /* Menu.swift */,
				935940C22CA2017E002AA0C9 /* Helper.swift */,
				933C82DA2CA328E300A44B58 /* menu.json */,
				935C5C112C94ADC600E08BAC /* Assets.xcassets */,
				93A4B4602CC7F3D700A8B40C /* Credits */,
				935C5C1D2C94ADC600E08BAC /* CleanCodeTests */,
				935C5C132C94ADC600E08BAC /* Preview Content */,
			);
			path = CleanCode;
			sourceTree = "<group>";
		};
		935C5C132C94ADC600E08BAC /* Preview Content */ = {
			isa = PBXGroup;
			children = (
				935C5C142C94ADC600E08BAC /* Preview Assets.xcassets */,
			);
			path = "Preview Content";
			sourceTree = "<group>";
		};
		935C5C1D2C94ADC600E08BAC /* CleanCodeTests */ = {
			isa = PBXGroup;
			children = (
				935C5C1E2C94ADC600E08BAC /* CleanCodeTests.swift */,
			);
			path = CleanCodeTests;
			sourceTree = "<group>";
		};
		935C5C272C94ADC600E08BAC /* CleanCodeUITests */ = {
			isa = PBXGroup;
			children = (
				935C5C282C94ADC600E08BAC /* CleanCodeUITests.swift */,
				935C5C2A2C94ADC600E08BAC /* CleanCodeUITestsLaunchTests.swift */,
			);
			path = CleanCodeUITests;
			sourceTree = "<group>";
		};
		9368B5112CB8095B0064B4FB /* Images */ = {
			isa = PBXGroup;
			children = (
				9368B5162CB81E540064B4FB /* ImageSheetQ1View.swift */,
				9368B5362CB962000064B4FB /* ImageSheetQ2View.swift */,
				9368B5182CB95B680064B4FB /* ImageSheetQ3View.swift */,
				9368B5382CB9625B0064B4FB /* ImageSheetQ4View.swift */,
				9368B51A2CB95B8A0064B4FB /* ImageSheetQ5View.swift */,
				9368B53A2CB9626A0064B4FB /* ImageSheetQ6View.swift */,
				9368B51C2CB95B9D0064B4FB /* ImageSheetQ7View.swift */,
				9368B53C2CB962770064B4FB /* ImageSheetQ8View.swift */,
				9368B51E2CB95BA90064B4FB /* ImageSheetQ9View.swift */,
				9368B53E2CB962940064B4FB /* ImageSheetQ10View.swift */,
				9368B5202CB95BB40064B4FB /* ImageSheetQ11View.swift */,
				9368B5402CB962A30064B4FB /* ImageSheetQ12View.swift */,
				9368B5222CB95BBD0064B4FB /* ImageSheetQ13View.swift */,
				9368B5422CB962B40064B4FB /* ImageSheetQ14View.swift */,
				9368B5242CB95BC80064B4FB /* ImageSheetQ15View.swift */,
				9368B5442CB962BF0064B4FB /* ImageSheetQ16View.swift */,
				9368B5262CB95BD40064B4FB /* ImageSheetQ17View.swift */,
				9368B5462CB962C90064B4FB /* ImageSheetQ18View.swift */,
				9368B5282CB95BDC0064B4FB /* ImageSheetQ19View.swift */,
				9368B5482CB962D80064B4FB /* ImageSheetQ20View.swift */,
				9368B52A2CB95BE60064B4FB /* ImageSheetQ21View.swift */,
				9368B54A2CB962E60064B4FB /* ImageSheetQ22View.swift */,
				9368B52C2CB95BEF0064B4FB /* ImageSheetQ23View.swift */,
				9368B54C2CB962F40064B4FB /* ImageSheetQ24View.swift */,
				9368B52E2CB95BF90064B4FB /* ImageSheetQ25View.swift */,
				9368B5502CB964480064B4FB /* ImageSheetQ26View.swift */,
				9368B5302CB95C020064B4FB /* ImageSheetQ27View.swift */,
				9368B5522CB964540064B4FB /* ImageSheetQ28View.swift */,
				9368B5322CB95C0D0064B4FB /* ImageSheetQ29View.swift */,
				9368B5542CB9645E0064B4FB /* ImageSheetQ30View.swift */,
				9368B5342CB95C150064B4FB /* ImageSheetQ31View.swift */,
				9368B5562CB9646A0064B4FB /* ImageSheetQ32View.swift */,
			);
			path = Images;
			sourceTree = "<group>";
		};
		9368B55A2CB9E4910064B4FB /* Privacy */ = {
			isa = PBXGroup;
			children = (
				9368B55B2CB9E4C30064B4FB /* TermsOfUseView.swift */,
			);
			path = Privacy;
			sourceTree = "<group>";
		};
		93A4B4C72CCEC00600A8B40C /* Scanner */ = {
			isa = PBXGroup;
			children = (
				93A4B4C82CCEC04F00A8B40C /* ScannerView.swift */,
				93A4B4C92CCEC04F00A8B40C /* ScanView.swift */,
			);
			path = Scanner;
			sourceTree = "<group>";
		};
		93ACBDC72CAD70C3002DC57C /* Descriptions */ = {
			isa = PBXGroup;
			children = (
				93ACBDC82CAD70F6002DC57C /* DescriptionQ1Q2View.swift */,
				93ACBDE82CAD7194002DC57C /* DescriptionQ3Q4View.swift */,
				93ACBDEA2CAD71A4002DC57C /* DescriptionQ5Q6View.swift */,
				93ACBDEC2CAD71AF002DC57C /* DescriptionQ7Q8View.swift */,
				93ACBDEE2CAD71B8002DC57C /* DescriptionQ9Q10View.swift */,
				93ACBDF02CAD71C3002DC57C /* DescriptionQ11Q12View.swift */,
				93ACBDF22CAD71D0002DC57C /* DescriptionQ13Q14View.swift */,
				93ACBDF42CAD71DD002DC57C /* DescriptionQ15Q16View.swift */,
				93ACBDF62CAD71F5002DC57C /* DescriptionQ17Q18View.swift */,
				93ACBDF82CAD71FD002DC57C /* DescriptionQ19Q20View.swift */,
				93ACBDFA2CAD7206002DC57C /* DescriptionQ21Q22View.swift */,
				93ACBDFC2CAD7210002DC57C /* DescriptionQ23Q24View.swift */,
				93ACBDFE2CAD7219002DC57C /* DescriptionQ25Q26View.swift */,
				93ACBE002CAD7221002DC57C /* DescriptionQ27Q28View.swift */,
				93ACBE022CAD722A002DC57C /* DescriptionQ29Q30View.swift */,
				93ACBE042CAD7233002DC57C /* DescriptionQ31Q32View.swift */,
			);
			path = Descriptions;
			sourceTree = "<group>";
		};
/* End PBXGroup section */

/* Begin PBXNativeTarget section */
		935C5C092C94ADC500E08BAC /* CleanCode */ = {
			isa = PBXNativeTarget;
			buildConfigurationList = 935C5C2E2C94ADC600E08BAC /* Build configuration list for PBXNativeTarget "CleanCode" */;
			buildPhases = (
				935C5C062C94ADC500E08BAC /* Sources */,
				935C5C072C94ADC500E08BAC /* Frameworks */,
				935C5C082C94ADC500E08BAC /* Resources */,
			);
			buildRules = (
			);
			dependencies = (
			);
			name = CleanCode;
			productName = CleanCode;
			productReference = 935C5C0A2C94ADC500E08BAC /* CleanCode.app */;
			productType = "com.apple.product-type.application";
		};
		935C5C192C94ADC600E08BAC /* CleanCodeTests */ = {
			isa = PBXNativeTarget;
			buildConfigurationList = 935C5C312C94ADC600E08BAC /* Build configuration list for PBXNativeTarget "CleanCodeTests" */;
			buildPhases = (
				935C5C162C94ADC600E08BAC /* Sources */,
				935C5C172C94ADC600E08BAC /* Frameworks */,
				935C5C182C94ADC600E08BAC /* Resources */,
			);
			buildRules = (
			);
			dependencies = (
				935C5C1C2C94ADC600E08BAC /* PBXTargetDependency */,
			);
			name = CleanCodeTests;
			productName = CleanCodeTests;
			productReference = 935C5C1A2C94ADC600E08BAC /* CleanCodeTests.xctest */;
			productType = "com.apple.product-type.bundle.unit-test";
		};
		935C5C232C94ADC600E08BAC /* CleanCodeUITests */ = {
			isa = PBXNativeTarget;
			buildConfigurationList = 935C5C342C94ADC600E08BAC /* Build configuration list for PBXNativeTarget "CleanCodeUITests" */;
			buildPhases = (
				935C5C202C94ADC600E08BAC /* Sources */,
				935C5C212C94ADC600E08BAC /* Frameworks */,
				935C5C222C94ADC600E08BAC /* Resources */,
			);
			buildRules = (
			);
			dependencies = (
				935C5C262C94ADC600E08BAC /* PBXTargetDependency */,
			);
			name = CleanCodeUITests;
			productName = CleanCodeUITests;
			productReference = 935C5C242C94ADC600E08BAC /* CleanCodeUITests.xctest */;
			productType = "com.apple.product-type.bundle.ui-testing";
		};
/* End PBXNativeTarget section */

/* Begin PBXProject section */
		935C5C022C94ADC500E08BAC /* Project object */ = {
			isa = PBXProject;
			attributes = {
				BuildIndependentTargetsInParallel = 1;
				LastSwiftUpdateCheck = 1540;
				LastUpgradeCheck = 1600;
				TargetAttributes = {
					935C5C092C94ADC500E08BAC = {
						CreatedOnToolsVersion = 15.4;
					};
					935C5C192C94ADC600E08BAC = {
						CreatedOnToolsVersion = 15.4;
						TestTargetID = 935C5C092C94ADC500E08BAC;
					};
					935C5C232C94ADC600E08BAC = {
						CreatedOnToolsVersion = 15.4;
						TestTargetID = 935C5C092C94ADC500E08BAC;
					};
				};
			};
			buildConfigurationList = 935C5C052C94ADC500E08BAC /* Build configuration list for PBXProject "CleanCode" */;
			compatibilityVersion = "Xcode 14.0";
			developmentRegion = en;
			hasScannedForEncodings = 0;
			knownRegions = (
				en,
				Base,
				ca,
				nl,
				fr,
				de,
				it,
				es,
				uk,
				"pt-PT",
			);
			mainGroup = 935C5C012C94ADC500E08BAC;
			productRefGroup = 935C5C0B2C94ADC500E08BAC /* Products */;
			projectDirPath = "";
			projectRoot = "";
			targets = (
				935C5C092C94ADC500E08BAC /* CleanCode */,
				935C5C192C94ADC600E08BAC /* CleanCodeTests */,
				935C5C232C94ADC600E08BAC /* CleanCodeUITests */,
			);
		};
/* End PBXProject section */

/* Begin PBXResourcesBuildPhase section */
		935C5C082C94ADC500E08BAC /* Resources */ = {
			isa = PBXResourcesBuildPhase;
			buildActionMask = 2147483647;
			files = (
				933C82DB2CA328E300A44B58 /* menu.json in Resources */,
				93A4B4612CC7F3D700A8B40C /* Credits in Resources */,
				935C5C152C94ADC600E08BAC /* Preview Assets.xcassets in Resources */,
				935C5C122C94ADC600E08BAC /* Assets.xcassets in Resources */,
			);
			runOnlyForDeploymentPostprocessing = 0;
		};
		935C5C182C94ADC600E08BAC /* Resources */ = {
			isa = PBXResourcesBuildPhase;
			buildActionMask = 2147483647;
			files = (
			);
			runOnlyForDeploymentPostprocessing = 0;
		};
		935C5C222C94ADC600E08BAC /* Resources */ = {
			isa = PBXResourcesBuildPhase;
			buildActionMask = 2147483647;
			files = (
			);
			runOnlyForDeploymentPostprocessing = 0;
		};
/* End PBXResourcesBuildPhase section */

/* Begin PBXSourcesBuildPhase section */
		935C5C062C94ADC500E08BAC /* Sources */ = {
			isa = PBXSourcesBuildPhase;
			buildActionMask = 2147483647;
			files = (
				9368B5212CB95BB40064B4FB /* ImageSheetQ11View.swift in Sources */,
				93ACBE052CAD7233002DC57C /* DescriptionQ31Q32View.swift in Sources */,
				93ACBDE92CAD7194002DC57C /* DescriptionQ3Q4View.swift in Sources */,
				9368B5312CB95C020064B4FB /* ImageSheetQ27View.swift in Sources */,
				9368B52B2CB95BE60064B4FB /* ImageSheetQ21View.swift in Sources */,
				9368B51F2CB95BA90064B4FB /* ImageSheetQ9View.swift in Sources */,
				9368B5552CB9645E0064B4FB /* ImageSheetQ30View.swift in Sources */,
				93ACBDF52CAD71DD002DC57C /* DescriptionQ15Q16View.swift in Sources */,
				93ACBDF92CAD71FD002DC57C /* DescriptionQ19Q20View.swift in Sources */,
				93A4B46F2CCBC3A800A8B40C /* ScannerView.swift in Sources */,
				93ACBE032CAD722A002DC57C /* DescriptionQ29Q30View.swift in Sources */,
				93ACBDEB2CAD71A4002DC57C /* DescriptionQ5Q6View.swift in Sources */,
				935940C62CA201DA002AA0C9 /* Menu.swift in Sources */,
				93339C472CA59532006484CE /* ChapterView.swift in Sources */,
				9368B52D2CB95BEF0064B4FB /* ImageSheetQ23View.swift in Sources */,
				93A4B46D2CCBBD7400A8B40C /* ScanView.swift in Sources */,
				9368B5452CB962BF0064B4FB /* ImageSheetQ16View.swift in Sources */,
				9368B53F2CB962940064B4FB /* ImageSheetQ10View.swift in Sources */,
				9368B5412CB962A30064B4FB /* ImageSheetQ12View.swift in Sources */,
				93ACBDFD2CAD7210002DC57C /* DescriptionQ23Q24View.swift in Sources */,
				93ACBDFB2CAD7206002DC57C /* DescriptionQ21Q22View.swift in Sources */,
				9368B5492CB962D80064B4FB /* ImageSheetQ20View.swift in Sources */,
				938914382CB08D1B00D2631E /* OthersView.swift in Sources */,
				9368B5072CB407400064B4FB /* FaqView.swift in Sources */,
				9368B5272CB95BD40064B4FB /* ImageSheetQ17View.swift in Sources */,
				93ACBE012CAD7221002DC57C /* DescriptionQ27Q28View.swift in Sources */,
				9368B5392CB9625B0064B4FB /* ImageSheetQ4View.swift in Sources */,
				935C5C102C94ADC500E08BAC /* ContentView.swift in Sources */,
				9368B51D2CB95B9D0064B4FB /* ImageSheetQ7View.swift in Sources */,
				9368B51B2CB95B8A0064B4FB /* ImageSheetQ5View.swift in Sources */,
				9368B5592CB9E3560064B4FB /* PrivacyView.swift in Sources */,
				9368B5172CB81E540064B4FB /* ImageSheetQ1View.swift in Sources */,
				935940CB2CA2FB5D002AA0C9 /* ItemRow.swift in Sources */,
				9368B54D2CB962F40064B4FB /* ImageSheetQ24View.swift in Sources */,
				933C82DD2CA3324F00A44B58 /* BottomSheetView.swift in Sources */,
				93A0BC092CADBE86003BAF5B /* SettingsView.swift in Sources */,
				9368B5432CB962B40064B4FB /* ImageSheetQ14View.swift in Sources */,
				93ACBDEF2CAD71B8002DC57C /* DescriptionQ9Q10View.swift in Sources */,
				93ACBDC92CAD70F6002DC57C /* DescriptionQ1Q2View.swift in Sources */,
				9368B5252CB95BC80064B4FB /* ImageSheetQ15View.swift in Sources */,
				9368B5372CB962000064B4FB /* ImageSheetQ2View.swift in Sources */,
				93A4B4CA2CCEC04F00A8B40C /* ScanView.swift in Sources */,
				93A4B4CB2CCEC04F00A8B40C /* ScannerView.swift in Sources */,
				9368B53B2CB9626A0064B4FB /* ImageSheetQ6View.swift in Sources */,
				9368B54B2CB962E60064B4FB /* ImageSheetQ22View.swift in Sources */,
				9368B5352CB95C150064B4FB /* ImageSheetQ31View.swift in Sources */,
				9368B5232CB95BBD0064B4FB /* ImageSheetQ13View.swift in Sources */,
				935C5C0E2C94ADC500E08BAC /* CleanCodeApp.swift in Sources */,
				93ACBDFF2CAD7219002DC57C /* DescriptionQ25Q26View.swift in Sources */,
				93ACBDF12CAD71C3002DC57C /* DescriptionQ11Q12View.swift in Sources */,
				9368B5532CB964540064B4FB /* ImageSheetQ28View.swift in Sources */,
				9368B5512CB964480064B4FB /* ImageSheetQ26View.swift in Sources */,
				9368B55C2CB9E4C30064B4FB /* TermsOfUseView.swift in Sources */,
				93ACBDF72CAD71F5002DC57C /* DescriptionQ17Q18View.swift in Sources */,
				9368B5192CB95B680064B4FB /* ImageSheetQ3View.swift in Sources */,
				9368B52F2CB95BF90064B4FB /* ImageSheetQ25View.swift in Sources */,
				93ACBDF32CAD71D0002DC57C /* DescriptionQ13Q14View.swift in Sources */,
				93ACBDED2CAD71AF002DC57C /* DescriptionQ7Q8View.swift in Sources */,
				9368B5572CB9646A0064B4FB /* ImageSheetQ32View.swift in Sources */,
				9368B5332CB95C0D0064B4FB /* ImageSheetQ29View.swift in Sources */,
				9368B5292CB95BDC0064B4FB /* ImageSheetQ19View.swift in Sources */,
				9368B53D2CB962770064B4FB /* ImageSheetQ8View.swift in Sources */,
				9368B5472CB962C90064B4FB /* ImageSheetQ18View.swift in Sources */,
				935940C32CA2017E002AA0C9 /* Helper.swift in Sources */,
			);
			runOnlyForDeploymentPostprocessing = 0;
		};
		935C5C162C94ADC600E08BAC /* Sources */ = {
			isa = PBXSourcesBuildPhase;
			buildActionMask = 2147483647;
			files = (
				935C5C1F2C94ADC600E08BAC /* CleanCodeTests.swift in Sources */,
			);
			runOnlyForDeploymentPostprocessing = 0;
		};
		935C5C202C94ADC600E08BAC /* Sources */ = {
			isa = PBXSourcesBuildPhase;
			buildActionMask = 2147483647;
			files = (
				935C5C292C94ADC600E08BAC /* CleanCodeUITests.swift in Sources */,
				935C5C2B2C94ADC600E08BAC /* CleanCodeUITestsLaunchTests.swift in Sources */,
			);
			runOnlyForDeploymentPostprocessing = 0;
		};
/* End PBXSourcesBuildPhase section */

/* Begin PBXTargetDependency section */
		935C5C1C2C94ADC600E08BAC /* PBXTargetDependency */ = {
			isa = PBXTargetDependency;
			target = 935C5C092C94ADC500E08BAC /* CleanCode */;
			targetProxy = 935C5C1B2C94ADC600E08BAC /* PBXContainerItemProxy */;
		};
		935C5C262C94ADC600E08BAC /* PBXTargetDependency */ = {
			isa = PBXTargetDependency;
			target = 935C5C092C94ADC500E08BAC /* CleanCode */;
			targetProxy = 935C5C252C94ADC600E08BAC /* PBXContainerItemProxy */;
		};
/* End PBXTargetDependency section */

/* Begin XCBuildConfiguration section */
		935C5C2C2C94ADC600E08BAC /* Debug */ = {
			isa = XCBuildConfiguration;
			buildSettings = {
				ALWAYS_SEARCH_USER_PATHS = NO;
				ASSETCATALOG_COMPILER_GENERATE_SWIFT_ASSET_SYMBOL_EXTENSIONS = YES;
				CLANG_ANALYZER_LOCALIZABILITY_NONLOCALIZED = YES;
				CLANG_ANALYZER_NONNULL = YES;
				CLANG_ANALYZER_NUMBER_OBJECT_CONVERSION = YES_AGGRESSIVE;
				CLANG_CXX_LANGUAGE_STANDARD = "gnu++20";
				CLANG_ENABLE_MODULES = YES;
				CLANG_ENABLE_OBJC_ARC = YES;
				CLANG_ENABLE_OBJC_WEAK = YES;
				CLANG_WARN_BLOCK_CAPTURE_AUTORELEASING = YES;
				CLANG_WARN_BOOL_CONVERSION = YES;
				CLANG_WARN_COMMA = YES;
				CLANG_WARN_CONSTANT_CONVERSION = YES;
				CLANG_WARN_DEPRECATED_OBJC_IMPLEMENTATIONS = YES;
				CLANG_WARN_DIRECT_OBJC_ISA_USAGE = YES_ERROR;
				CLANG_WARN_DOCUMENTATION_COMMENTS = YES;
				CLANG_WARN_EMPTY_BODY = YES;
				CLANG_WARN_ENUM_CONVERSION = YES;
				CLANG_WARN_INFINITE_RECURSION = YES;
				CLANG_WARN_INT_CONVERSION = YES;
				CLANG_WARN_NON_LITERAL_NULL_CONVERSION = YES;
				CLANG_WARN_OBJC_IMPLICIT_RETAIN_SELF = YES;
				CLANG_WARN_OBJC_LITERAL_CONVERSION = YES;
				CLANG_WARN_OBJC_ROOT_CLASS = YES_ERROR;
				CLANG_WARN_QUOTED_INCLUDE_IN_FRAMEWORK_HEADER = YES;
				CLANG_WARN_RANGE_LOOP_ANALYSIS = YES;
				CLANG_WARN_STRICT_PROTOTYPES = YES;
				CLANG_WARN_SUSPICIOUS_MOVE = YES;
				CLANG_WARN_UNGUARDED_AVAILABILITY = YES_AGGRESSIVE;
				CLANG_WARN_UNREACHABLE_CODE = YES;
				CLANG_WARN__DUPLICATE_METHOD_MATCH = YES;
				COPY_PHASE_STRIP = NO;
				DEBUG_INFORMATION_FORMAT = dwarf;
				ENABLE_STRICT_OBJC_MSGSEND = YES;
				ENABLE_TESTABILITY = YES;
				ENABLE_USER_SCRIPT_SANDBOXING = YES;
				GCC_C_LANGUAGE_STANDARD = gnu17;
				GCC_DYNAMIC_NO_PIC = NO;
				GCC_NO_COMMON_BLOCKS = YES;
				GCC_OPTIMIZATION_LEVEL = 0;
				GCC_PREPROCESSOR_DEFINITIONS = (
					"DEBUG=1",
					"$(inherited)",
				);
				GCC_WARN_64_TO_32_BIT_CONVERSION = YES;
				GCC_WARN_ABOUT_RETURN_TYPE = YES_ERROR;
				GCC_WARN_UNDECLARED_SELECTOR = YES;
				GCC_WARN_UNINITIALIZED_AUTOS = YES_AGGRESSIVE;
				GCC_WARN_UNUSED_FUNCTION = YES;
				GCC_WARN_UNUSED_VARIABLE = YES;
				IPHONEOS_DEPLOYMENT_TARGET = 17.5;
				LOCALIZATION_PREFERS_STRING_CATALOGS = YES;
				MTL_ENABLE_DEBUG_INFO = INCLUDE_SOURCE;
				MTL_FAST_MATH = YES;
				ONLY_ACTIVE_ARCH = YES;
				SDKROOT = iphoneos;
				SWIFT_ACTIVE_COMPILATION_CONDITIONS = "DEBUG $(inherited)";
				SWIFT_OPTIMIZATION_LEVEL = "-Onone";
			};
			name = Debug;
		};
		935C5C2D2C94ADC600E08BAC /* Release */ = {
			isa = XCBuildConfiguration;
			buildSettings = {
				ALWAYS_SEARCH_USER_PATHS = NO;
				ASSETCATALOG_COMPILER_GENERATE_SWIFT_ASSET_SYMBOL_EXTENSIONS = YES;
				CLANG_ANALYZER_LOCALIZABILITY_NONLOCALIZED = YES;
				CLANG_ANALYZER_NONNULL = YES;
				CLANG_ANALYZER_NUMBER_OBJECT_CONVERSION = YES_AGGRESSIVE;
				CLANG_CXX_LANGUAGE_STANDARD = "gnu++20";
				CLANG_ENABLE_MODULES = YES;
				CLANG_ENABLE_OBJC_ARC = YES;
				CLANG_ENABLE_OBJC_WEAK = YES;
				CLANG_WARN_BLOCK_CAPTURE_AUTORELEASING = YES;
				CLANG_WARN_BOOL_CONVERSION = YES;
				CLANG_WARN_COMMA = YES;
				CLANG_WARN_CONSTANT_CONVERSION = YES;
				CLANG_WARN_DEPRECATED_OBJC_IMPLEMENTATIONS = YES;
				CLANG_WARN_DIRECT_OBJC_ISA_USAGE = YES_ERROR;
				CLANG_WARN_DOCUMENTATION_COMMENTS = YES;
				CLANG_WARN_EMPTY_BODY = YES;
				CLANG_WARN_ENUM_CONVERSION = YES;
				CLANG_WARN_INFINITE_RECURSION = YES;
				CLANG_WARN_INT_CONVERSION = YES;
				CLANG_WARN_NON_LITERAL_NULL_CONVERSION = YES;
				CLANG_WARN_OBJC_IMPLICIT_RETAIN_SELF = YES;
				CLANG_WARN_OBJC_LITERAL_CONVERSION = YES;
				CLANG_WARN_OBJC_ROOT_CLASS = YES_ERROR;
				CLANG_WARN_QUOTED_INCLUDE_IN_FRAMEWORK_HEADER = YES;
				CLANG_WARN_RANGE_LOOP_ANALYSIS = YES;
				CLANG_WARN_STRICT_PROTOTYPES = YES;
				CLANG_WARN_SUSPICIOUS_MOVE = YES;
				CLANG_WARN_UNGUARDED_AVAILABILITY = YES_AGGRESSIVE;
				CLANG_WARN_UNREACHABLE_CODE = YES;
				CLANG_WARN__DUPLICATE_METHOD_MATCH = YES;
				COPY_PHASE_STRIP = NO;
				DEBUG_INFORMATION_FORMAT = "dwarf-with-dsym";
				ENABLE_NS_ASSERTIONS = NO;
				ENABLE_STRICT_OBJC_MSGSEND = YES;
				ENABLE_USER_SCRIPT_SANDBOXING = YES;
				GCC_C_LANGUAGE_STANDARD = gnu17;
				GCC_NO_COMMON_BLOCKS = YES;
				GCC_WARN_64_TO_32_BIT_CONVERSION = YES;
				GCC_WARN_ABOUT_RETURN_TYPE = YES_ERROR;
				GCC_WARN_UNDECLARED_SELECTOR = YES;
				GCC_WARN_UNINITIALIZED_AUTOS = YES_AGGRESSIVE;
				GCC_WARN_UNUSED_FUNCTION = YES;
				GCC_WARN_UNUSED_VARIABLE = YES;
				IPHONEOS_DEPLOYMENT_TARGET = 17.5;
				LOCALIZATION_PREFERS_STRING_CATALOGS = YES;
				MTL_ENABLE_DEBUG_INFO = NO;
				MTL_FAST_MATH = YES;
				SDKROOT = iphoneos;
				SWIFT_COMPILATION_MODE = wholemodule;
				VALIDATE_PRODUCT = YES;
			};
			name = Release;
		};
		935C5C2F2C94ADC600E08BAC /* Debug */ = {
			isa = XCBuildConfiguration;
			buildSettings = {
				ASSETCATALOG_COMPILER_APPICON_NAME = AppIcon;
				ASSETCATALOG_COMPILER_GLOBAL_ACCENT_COLOR_NAME = AccentColor;
				CODE_SIGN_STYLE = Automatic;
				CURRENT_PROJECT_VERSION = 1;
				DEVELOPMENT_ASSET_PATHS = "\"CleanCode/Preview Content\"";
				DEVELOPMENT_TEAM = H63C6QYHX2;
				ENABLE_PREVIEWS = YES;
				GENERATE_INFOPLIST_FILE = YES;
				INFOPLIST_FILE = CleanCode/Info.plist;
				INFOPLIST_KEY_CFBundleDisplayName = CleanCode;
				INFOPLIST_KEY_LSApplicationCategoryType = "public.app-category.developer-tools";
				INFOPLIST_KEY_NSCameraUsageDescription = "Is needed to scan code";
				INFOPLIST_KEY_UIApplicationSceneManifest_Generation = YES;
				INFOPLIST_KEY_UIApplicationSupportsIndirectInputEvents = YES;
				INFOPLIST_KEY_UILaunchScreen_Generation = YES;
				INFOPLIST_KEY_UISupportedInterfaceOrientations_iPad = "UIInterfaceOrientationPortrait UIInterfaceOrientationPortraitUpsideDown UIInterfaceOrientationLandscapeLeft UIInterfaceOrientationLandscapeRight";
				INFOPLIST_KEY_UISupportedInterfaceOrientations_iPhone = "UIInterfaceOrientationPortrait UIInterfaceOrientationLandscapeLeft UIInterfaceOrientationLandscapeRight";
				IPHONEOS_DEPLOYMENT_TARGET = 18.0;
				LD_RUNPATH_SEARCH_PATHS = (
					"$(inherited)",
					"@executable_path/Frameworks",
				);
				MARKETING_VERSION = "Beta 1.0.0";
				PRODUCT_BUNDLE_IDENTIFIER = teoarandapaez.CleanCode;
				PRODUCT_NAME = "$(TARGET_NAME)";
				SWIFT_EMIT_LOC_STRINGS = YES;
				SWIFT_VERSION = 5.0;
				TARGETED_DEVICE_FAMILY = "1,2";
			};
			name = Debug;
		};
		935C5C302C94ADC600E08BAC /* Release */ = {
			isa = XCBuildConfiguration;
			buildSettings = {
				ASSETCATALOG_COMPILER_APPICON_NAME = AppIcon;
				ASSETCATALOG_COMPILER_GLOBAL_ACCENT_COLOR_NAME = AccentColor;
				CODE_SIGN_STYLE = Automatic;
				CURRENT_PROJECT_VERSION = 1;
				DEVELOPMENT_ASSET_PATHS = "\"CleanCode/Preview Content\"";
				DEVELOPMENT_TEAM = H63C6QYHX2;
				ENABLE_PREVIEWS = YES;
				GENERATE_INFOPLIST_FILE = YES;
				INFOPLIST_FILE = CleanCode/Info.plist;
				INFOPLIST_KEY_CFBundleDisplayName = CleanCode;
				INFOPLIST_KEY_LSApplicationCategoryType = "public.app-category.developer-tools";
				INFOPLIST_KEY_NSCameraUsageDescription = "Is needed to scan code";
				INFOPLIST_KEY_UIApplicationSceneManifest_Generation = YES;
				INFOPLIST_KEY_UIApplicationSupportsIndirectInputEvents = YES;
				INFOPLIST_KEY_UILaunchScreen_Generation = YES;
				INFOPLIST_KEY_UISupportedInterfaceOrientations_iPad = "UIInterfaceOrientationPortrait UIInterfaceOrientationPortraitUpsideDown UIInterfaceOrientationLandscapeLeft UIInterfaceOrientationLandscapeRight";
				INFOPLIST_KEY_UISupportedInterfaceOrientations_iPhone = "UIInterfaceOrientationPortrait UIInterfaceOrientationLandscapeLeft UIInterfaceOrientationLandscapeRight";
				IPHONEOS_DEPLOYMENT_TARGET = 18.0;
				LD_RUNPATH_SEARCH_PATHS = (
					"$(inherited)",
					"@executable_path/Frameworks",
				);
				MARKETING_VERSION = "Beta 1.0.0";
				PRODUCT_BUNDLE_IDENTIFIER = teoarandapaez.CleanCode;
				PRODUCT_NAME = "$(TARGET_NAME)";
				SWIFT_EMIT_LOC_STRINGS = YES;
				SWIFT_VERSION = 5.0;
				TARGETED_DEVICE_FAMILY = "1,2";
			};
			name = Release;
		};
		935C5C322C94ADC600E08BAC /* Debug */ = {
			isa = XCBuildConfiguration;
			buildSettings = {
				BUNDLE_LOADER = "$(TEST_HOST)";
				CODE_SIGN_STYLE = Automatic;
				CURRENT_PROJECT_VERSION = 1;
				DEVELOPMENT_TEAM = H63C6QYHX2;
				GENERATE_INFOPLIST_FILE = YES;
				IPHONEOS_DEPLOYMENT_TARGET = 18.0;
				MARKETING_VERSION = 1.0;
				PRODUCT_BUNDLE_IDENTIFIER = teoarandapaez.CleanCodeTests;
				PRODUCT_NAME = "$(TARGET_NAME)";
				SWIFT_EMIT_LOC_STRINGS = NO;
				SWIFT_VERSION = 5.0;
				TARGETED_DEVICE_FAMILY = "1,2";
				TEST_HOST = "$(BUILT_PRODUCTS_DIR)/CleanCode.app/$(BUNDLE_EXECUTABLE_FOLDER_PATH)/CleanCode";
			};
			name = Debug;
		};
		935C5C332C94ADC600E08BAC /* Release */ = {
			isa = XCBuildConfiguration;
			buildSettings = {
				BUNDLE_LOADER = "$(TEST_HOST)";
				CODE_SIGN_STYLE = Automatic;
				CURRENT_PROJECT_VERSION = 1;
				DEVELOPMENT_TEAM = H63C6QYHX2;
				GENERATE_INFOPLIST_FILE = YES;
				IPHONEOS_DEPLOYMENT_TARGET = 18.0;
				MARKETING_VERSION = 1.0;
				PRODUCT_BUNDLE_IDENTIFIER = teoarandapaez.CleanCodeTests;
				PRODUCT_NAME = "$(TARGET_NAME)";
				SWIFT_EMIT_LOC_STRINGS = NO;
				SWIFT_VERSION = 5.0;
				TARGETED_DEVICE_FAMILY = "1,2";
				TEST_HOST = "$(BUILT_PRODUCTS_DIR)/CleanCode.app/$(BUNDLE_EXECUTABLE_FOLDER_PATH)/CleanCode";
			};
			name = Release;
		};
		935C5C352C94ADC600E08BAC /* Debug */ = {
			isa = XCBuildConfiguration;
			buildSettings = {
				CODE_SIGN_STYLE = Automatic;
				CURRENT_PROJECT_VERSION = 1;
				DEVELOPMENT_TEAM = H63C6QYHX2;
				GENERATE_INFOPLIST_FILE = YES;
				IPHONEOS_DEPLOYMENT_TARGET = 18.0;
				MARKETING_VERSION = 1.0;
				PRODUCT_BUNDLE_IDENTIFIER = teoarandapaez.CleanCodeUITests;
				PRODUCT_NAME = "$(TARGET_NAME)";
				SWIFT_EMIT_LOC_STRINGS = NO;
				SWIFT_VERSION = 5.0;
				TARGETED_DEVICE_FAMILY = "1,2";
				TEST_TARGET_NAME = CleanCode;
			};
			name = Debug;
		};
		935C5C362C94ADC600E08BAC /* Release */ = {
			isa = XCBuildConfiguration;
			buildSettings = {
				CODE_SIGN_STYLE = Automatic;
				CURRENT_PROJECT_VERSION = 1;
				DEVELOPMENT_TEAM = H63C6QYHX2;
				GENERATE_INFOPLIST_FILE = YES;
				IPHONEOS_DEPLOYMENT_TARGET = 18.0;
				MARKETING_VERSION = 1.0;
				PRODUCT_BUNDLE_IDENTIFIER = teoarandapaez.CleanCodeUITests;
				PRODUCT_NAME = "$(TARGET_NAME)";
				SWIFT_EMIT_LOC_STRINGS = NO;
				SWIFT_VERSION = 5.0;
				TARGETED_DEVICE_FAMILY = "1,2";
				TEST_TARGET_NAME = CleanCode;
			};
			name = Release;
		};
/* End XCBuildConfiguration section */

/* Begin XCConfigurationList section */
		935C5C052C94ADC500E08BAC /* Build configuration list for PBXProject "CleanCode" */ = {
			isa = XCConfigurationList;
			buildConfigurations = (
				935C5C2C2C94ADC600E08BAC /* Debug */,
				935C5C2D2C94ADC600E08BAC /* Release */,
			);
			defaultConfigurationIsVisible = 0;
			defaultConfigurationName = Release;
		};
		935C5C2E2C94ADC600E08BAC /* Build configuration list for PBXNativeTarget "CleanCode" */ = {
			isa = XCConfigurationList;
			buildConfigurations = (
				935C5C2F2C94ADC600E08BAC /* Debug */,
				935C5C302C94ADC600E08BAC /* Release */,
			);
			defaultConfigurationIsVisible = 0;
			defaultConfigurationName = Release;
		};
		935C5C312C94ADC600E08BAC /* Build configuration list for PBXNativeTarget "CleanCodeTests" */ = {
			isa = XCConfigurationList;
			buildConfigurations = (
				935C5C322C94ADC600E08BAC /* Debug */,
				935C5C332C94ADC600E08BAC /* Release */,
			);
			defaultConfigurationIsVisible = 0;
			defaultConfigurationName = Release;
		};
		935C5C342C94ADC600E08BAC /* Build configuration list for PBXNativeTarget "CleanCodeUITests" */ = {
			isa = XCConfigurationList;
			buildConfigurations = (
				935C5C352C94ADC600E08BAC /* Debug */,
				935C5C362C94ADC600E08BAC /* Release */,
			);
			defaultConfigurationIsVisible = 0;
			defaultConfigurationName = Release;
		};
/* End XCConfigurationList section */
	};
	rootObject = 935C5C022C94ADC500E08BAC /* Project object */;
}
